// !$*UTF8*$!
{
	archiveVersion = 1;
	classes = {
	};
	objectVersion = 46;
	objects = {

/* Begin PBXBuildFile section */
		80364EFA191BBD3D00DA1B52 /* Foundation.framework in Frameworks */ = {isa = PBXBuildFile; fileRef = 80364EF9191BBD3D00DA1B52 /* Foundation.framework */; };
		80364EFC191BBD3D00DA1B52 /* CoreGraphics.framework in Frameworks */ = {isa = PBXBuildFile; fileRef = 80364EFB191BBD3D00DA1B52 /* CoreGraphics.framework */; };
		80364EFE191BBD3D00DA1B52 /* UIKit.framework in Frameworks */ = {isa = PBXBuildFile; fileRef = 80364EFD191BBD3D00DA1B52 /* UIKit.framework */; };
		80364F04191BBD3D00DA1B52 /* InfoPlist.strings in Resources */ = {isa = PBXBuildFile; fileRef = 80364F02191BBD3D00DA1B52 /* InfoPlist.strings */; };
		80364F06191BBD3D00DA1B52 /* main.m in Sources */ = {isa = PBXBuildFile; fileRef = 80364F05191BBD3D00DA1B52 /* main.m */; };
		80364F0A191BBD3D00DA1B52 /* RLAppDelegate.m in Sources */ = {isa = PBXBuildFile; fileRef = 80364F09191BBD3D00DA1B52 /* RLAppDelegate.m */; };
		80364F0D191BBD3D00DA1B52 /* Main_iPhone.storyboard in Resources */ = {isa = PBXBuildFile; fileRef = 80364F0B191BBD3D00DA1B52 /* Main_iPhone.storyboard */; };
		80364F10191BBD3D00DA1B52 /* Main_iPad.storyboard in Resources */ = {isa = PBXBuildFile; fileRef = 80364F0E191BBD3D00DA1B52 /* Main_iPad.storyboard */; };
		80364F13191BBD3D00DA1B52 /* RLViewController.m in Sources */ = {isa = PBXBuildFile; fileRef = 80364F12191BBD3D00DA1B52 /* RLViewController.m */; };
		80364F15191BBD3D00DA1B52 /* Images.xcassets in Resources */ = {isa = PBXBuildFile; fileRef = 80364F14191BBD3D00DA1B52 /* Images.xcassets */; };
		80364F1C191BBD3D00DA1B52 /* XCTest.framework in Frameworks */ = {isa = PBXBuildFile; fileRef = 80364F1B191BBD3D00DA1B52 /* XCTest.framework */; };
		80364F1D191BBD3D00DA1B52 /* Foundation.framework in Frameworks */ = {isa = PBXBuildFile; fileRef = 80364EF9191BBD3D00DA1B52 /* Foundation.framework */; };
		80364F1E191BBD3D00DA1B52 /* UIKit.framework in Frameworks */ = {isa = PBXBuildFile; fileRef = 80364EFD191BBD3D00DA1B52 /* UIKit.framework */; };
		80364F26191BBD3D00DA1B52 /* InfoPlist.strings in Resources */ = {isa = PBXBuildFile; fileRef = 80364F24191BBD3D00DA1B52 /* InfoPlist.strings */; };
		80364F28191BBD3D00DA1B52 /* FileOperationTests.m in Sources */ = {isa = PBXBuildFile; fileRef = 80364F27191BBD3D00DA1B52 /* FileOperationTests.m */; };
/* End PBXBuildFile section */

/* Begin PBXContainerItemProxy section */
		80364F1F191BBD3D00DA1B52 /* PBXContainerItemProxy */ = {
			isa = PBXContainerItemProxy;
			containerPortal = 80364EEE191BBD3D00DA1B52 /* Project object */;
			proxyType = 1;
			remoteGlobalIDString = 80364EF5191BBD3D00DA1B52;
			remoteInfo = FileOperation;
		};
/* End PBXContainerItemProxy section */

/* Begin PBXFileReference section */
		80364EF6191BBD3D00DA1B52 /* FileOperation.app */ = {isa = PBXFileReference; explicitFileType = wrapper.application; includeInIndex = 0; path = FileOperation.app; sourceTree = BUILT_PRODUCTS_DIR; };
		80364EF9191BBD3D00DA1B52 /* Foundation.framework */ = {isa = PBXFileReference; lastKnownFileType = wrapper.framework; name = Foundation.framework; path = System/Library/Frameworks/Foundation.framework; sourceTree = SDKROOT; };
		80364EFB191BBD3D00DA1B52 /* CoreGraphics.framework */ = {isa = PBXFileReference; lastKnownFileType = wrapper.framework; name = CoreGraphics.framework; path = System/Library/Frameworks/CoreGraphics.framework; sourceTree = SDKROOT; };
		80364EFD191BBD3D00DA1B52 /* UIKit.framework */ = {isa = PBXFileReference; lastKnownFileType = wrapper.framework; name = UIKit.framework; path = System/Library/Frameworks/UIKit.framework; sourceTree = SDKROOT; };
		80364F01191BBD3D00DA1B52 /* FileOperation-Info.plist */ = {isa = PBXFileReference; lastKnownFileType = text.plist.xml; path = "FileOperation-Info.plist"; sourceTree = "<group>"; };
		80364F03191BBD3D00DA1B52 /* en */ = {isa = PBXFileReference; lastKnownFileType = text.plist.strings; name = en; path = en.lproj/InfoPlist.strings; sourceTree = "<group>"; };
		80364F05191BBD3D00DA1B52 /* main.m */ = {isa = PBXFileReference; lastKnownFileType = sourcecode.c.objc; path = main.m; sourceTree = "<group>"; };
		80364F07191BBD3D00DA1B52 /* FileOperation-Prefix.pch */ = {isa = PBXFileReference; lastKnownFileType = sourcecode.c.h; path = "FileOperation-Prefix.pch"; sourceTree = "<group>"; };
		80364F08191BBD3D00DA1B52 /* RLAppDelegate.h */ = {isa = PBXFileReference; lastKnownFileType = sourcecode.c.h; path = RLAppDelegate.h; sourceTree = "<group>"; };
		80364F09191BBD3D00DA1B52 /* RLAppDelegate.m */ = {isa = PBXFileReference; lastKnownFileType = sourcecode.c.objc; path = RLAppDelegate.m; sourceTree = "<group>"; };
		80364F0C191BBD3D00DA1B52 /* Base */ = {isa = PBXFileReference; lastKnownFileType = file.storyboard; name = Base; path = Base.lproj/Main_iPhone.storyboard; sourceTree = "<group>"; };
		80364F0F191BBD3D00DA1B52 /* Base */ = {isa = PBXFileReference; lastKnownFileType = file.storyboard; name = Base; path = Base.lproj/Main_iPad.storyboard; sourceTree = "<group>"; };
		80364F11191BBD3D00DA1B52 /* RLViewController.h */ = {isa = PBXFileReference; lastKnownFileType = sourcecode.c.h; path = RLViewController.h; sourceTree = "<group>"; };
		80364F12191BBD3D00DA1B52 /* RLViewController.m */ = {isa = PBXFileReference; lastKnownFileType = sourcecode.c.objc; path = RLViewController.m; sourceTree = "<group>"; };
		80364F14191BBD3D00DA1B52 /* Images.xcassets */ = {isa = PBXFileReference; lastKnownFileType = folder.assetcatalog; path = Images.xcassets; sourceTree = "<group>"; };
		80364F1A191BBD3D00DA1B52 /* FileOperationTests.xctest */ = {isa = PBXFileReference; explicitFileType = wrapper.cfbundle; includeInIndex = 0; path = FileOperationTests.xctest; sourceTree = BUILT_PRODUCTS_DIR; };
		80364F1B191BBD3D00DA1B52 /* XCTest.framework */ = {isa = PBXFileReference; lastKnownFileType = wrapper.framework; name = XCTest.framework; path = Library/Frameworks/XCTest.framework; sourceTree = DEVELOPER_DIR; };
		80364F23191BBD3D00DA1B52 /* FileOperationTests-Info.plist */ = {isa = PBXFileReference; lastKnownFileType = text.plist.xml; path = "FileOperationTests-Info.plist"; sourceTree = "<group>"; };
		80364F25191BBD3D00DA1B52 /* en */ = {isa = PBXFileReference; lastKnownFileType = text.plist.strings; name = en; path = en.lproj/InfoPlist.strings; sourceTree = "<group>"; };
		80364F27191BBD3D00DA1B52 /* FileOperationTests.m */ = {isa = PBXFileReference; lastKnownFileType = sourcecode.c.objc; path = FileOperationTests.m; sourceTree = "<group>"; };
/* End PBXFileReference section */

/* Begin PBXFrameworksBuildPhase section */
		80364EF3191BBD3D00DA1B52 /* Frameworks */ = {
			isa = PBXFrameworksBuildPhase;
			buildActionMask = 2147483647;
			files = (
				80364EFC191BBD3D00DA1B52 /* CoreGraphics.framework in Frameworks */,
				80364EFE191BBD3D00DA1B52 /* UIKit.framework in Frameworks */,
				80364EFA191BBD3D00DA1B52 /* Foundation.framework in Frameworks */,
			);
			runOnlyForDeploymentPostprocessing = 0;
		};
		80364F17191BBD3D00DA1B52 /* Frameworks */ = {
			isa = PBXFrameworksBuildPhase;
			buildActionMask = 2147483647;
			files = (
				80364F1C191BBD3D00DA1B52 /* XCTest.framework in Frameworks */,
				80364F1E191BBD3D00DA1B52 /* UIKit.framework in Frameworks */,
				80364F1D191BBD3D00DA1B52 /* Foundation.framework in Frameworks */,
			);
			runOnlyForDeploymentPostprocessing = 0;
		};
/* End PBXFrameworksBuildPhase section */

/* Begin PBXGroup section */
		80364EED191BBD3D00DA1B52 = {
			isa = PBXGroup;
			children = (
				80364EFF191BBD3D00DA1B52 /* FileOperation */,
				80364F21191BBD3D00DA1B52 /* FileOperationTests */,
				80364EF8191BBD3D00DA1B52 /* Frameworks */,
				80364EF7191BBD3D00DA1B52 /* Products */,
			);
			sourceTree = "<group>";
		};
		80364EF7191BBD3D00DA1B52 /* Products */ = {
			isa = PBXGroup;
			children = (
				80364EF6191BBD3D00DA1B52 /* FileOperation.app */,
				80364F1A191BBD3D00DA1B52 /* FileOperationTests.xctest */,
			);
			name = Products;
			sourceTree = "<group>";
		};
		80364EF8191BBD3D00DA1B52 /* Frameworks */ = {
			isa = PBXGroup;
			children = (
				80364EF9191BBD3D00DA1B52 /* Foundation.framework */,
				80364EFB191BBD3D00DA1B52 /* CoreGraphics.framework */,
				80364EFD191BBD3D00DA1B52 /* UIKit.framework */,
				80364F1B191BBD3D00DA1B52 /* XCTest.framework */,
			);
			name = Frameworks;
			sourceTree = "<group>";
		};
		80364EFF191BBD3D00DA1B52 /* FileOperation */ = {
			isa = PBXGroup;
			children = (
				80364F08191BBD3D00DA1B52 /* RLAppDelegate.h */,
				80364F09191BBD3D00DA1B52 /* RLAppDelegate.m */,
				80364F0B191BBD3D00DA1B52 /* Main_iPhone.storyboard */,
				80364F0E191BBD3D00DA1B52 /* Main_iPad.storyboard */,
				80364F11191BBD3D00DA1B52 /* RLViewController.h */,
				80364F12191BBD3D00DA1B52 /* RLViewController.m */,
				80364F14191BBD3D00DA1B52 /* Images.xcassets */,
				80364F00191BBD3D00DA1B52 /* Supporting Files */,
			);
			path = FileOperation;
			sourceTree = "<group>";
		};
		80364F00191BBD3D00DA1B52 /* Supporting Files */ = {
			isa = PBXGroup;
			children = (
				80364F01191BBD3D00DA1B52 /* FileOperation-Info.plist */,
				80364F02191BBD3D00DA1B52 /* InfoPlist.strings */,
				80364F05191BBD3D00DA1B52 /* main.m */,
				80364F07191BBD3D00DA1B52 /* FileOperation-Prefix.pch */,
			);
			name = "Supporting Files";
			sourceTree = "<group>";
		};
		80364F21191BBD3D00DA1B52 /* FileOperationTests */ = {
			isa = PBXGroup;
			children = (
				80364F27191BBD3D00DA1B52 /* FileOperationTests.m */,
				80364F22191BBD3D00DA1B52 /* Supporting Files */,
			);
			path = FileOperationTests;
			sourceTree = "<group>";
		};
		80364F22191BBD3D00DA1B52 /* Supporting Files */ = {
			isa = PBXGroup;
			children = (
				80364F23191BBD3D00DA1B52 /* FileOperationTests-Info.plist */,
				80364F24191BBD3D00DA1B52 /* InfoPlist.strings */,
			);
			name = "Supporting Files";
			sourceTree = "<group>";
		};
/* End PBXGroup section */

/* Begin PBXNativeTarget section */
		80364EF5191BBD3D00DA1B52 /* FileOperation */ = {
			isa = PBXNativeTarget;
			buildConfigurationList = 80364F2B191BBD3D00DA1B52 /* Build configuration list for PBXNativeTarget "FileOperation" */;
			buildPhases = (
				80364EF2191BBD3D00DA1B52 /* Sources */,
				80364EF3191BBD3D00DA1B52 /* Frameworks */,
				80364EF4191BBD3D00DA1B52 /* Resources */,
			);
			buildRules = (
			);
			dependencies = (
			);
			name = FileOperation;
			productName = FileOperation;
			productReference = 80364EF6191BBD3D00DA1B52 /* FileOperation.app */;
			productType = "com.apple.product-type.application";
		};
		80364F19191BBD3D00DA1B52 /* FileOperationTests */ = {
			isa = PBXNativeTarget;
			buildConfigurationList = 80364F2E191BBD3D00DA1B52 /* Build configuration list for PBXNativeTarget "FileOperationTests" */;
			buildPhases = (
				80364F16191BBD3D00DA1B52 /* Sources */,
				80364F17191BBD3D00DA1B52 /* Frameworks */,
				80364F18191BBD3D00DA1B52 /* Resources */,
			);
			buildRules = (
			);
			dependencies = (
				80364F20191BBD3D00DA1B52 /* PBXTargetDependency */,
			);
			name = FileOperationTests;
			productName = FileOperationTests;
			productReference = 80364F1A191BBD3D00DA1B52 /* FileOperationTests.xctest */;
			productType = "com.apple.product-type.bundle.unit-test";
		};
/* End PBXNativeTarget section */

/* Begin PBXProject section */
		80364EEE191BBD3D00DA1B52 /* Project object */ = {
			isa = PBXProject;
			attributes = {
				CLASSPREFIX = RL;
				LastUpgradeCheck = 0510;
				ORGANIZATIONNAME = "Rinc Liu";
				TargetAttributes = {
					80364F19191BBD3D00DA1B52 = {
						TestTargetID = 80364EF5191BBD3D00DA1B52;
					};
				};
			};
			buildConfigurationList = 80364EF1191BBD3D00DA1B52 /* Build configuration list for PBXProject "FileOperation" */;
			compatibilityVersion = "Xcode 3.2";
			developmentRegion = English;
			hasScannedForEncodings = 0;
			knownRegions = (
				en,
				Base,
			);
			mainGroup = 80364EED191BBD3D00DA1B52;
			productRefGroup = 80364EF7191BBD3D00DA1B52 /* Products */;
			projectDirPath = "";
			projectRoot = "";
			targets = (
				80364EF5191BBD3D00DA1B52 /* FileOperation */,
				80364F19191BBD3D00DA1B52 /* FileOperationTests */,
			);
		};
/* End PBXProject section */

/* Begin PBXResourcesBuildPhase section */
		80364EF4191BBD3D00DA1B52 /* Resources */ = {
			isa = PBXResourcesBuildPhase;
			buildActionMask = 2147483647;
			files = (
				80364F10191BBD3D00DA1B52 /* Main_iPad.storyboard in Resources */,
				80364F15191BBD3D00DA1B52 /* Images.xcassets in Resources */,
				80364F0D191BBD3D00DA1B52 /* Main_iPhone.storyboard in Resources */,
				80364F04191BBD3D00DA1B52 /* InfoPlist.strings in Resources */,
			);
			runOnlyForDeploymentPostprocessing = 0;
		};
		80364F18191BBD3D00DA1B52 /* Resources */ = {
			isa = PBXResourcesBuildPhase;
			buildActionMask = 2147483647;
			files = (
				80364F26191BBD3D00DA1B52 /* InfoPlist.strings in Resources */,
			);
			runOnlyForDeploymentPostprocessing = 0;
		};
/* End PBXResourcesBuildPhase section */

/* Begin PBXSourcesBuildPhase section */
		80364EF2191BBD3D00DA1B52 /* Sources */ = {
			isa = PBXSourcesBuildPhase;
			buildActionMask = 2147483647;
			files = (
				80364F0A191BBD3D00DA1B52 /* RLAppDelegate.m in Sources */,
				80364F06191BBD3D00DA1B52 /* main.m in Sources */,
				80364F13191BBD3D00DA1B52 /* RLViewController.m in Sources */,
			);
			runOnlyForDeploymentPostprocessing = 0;
		};
		80364F16191BBD3D00DA1B52 /* Sources */ = {
			isa = PBXSourcesBuildPhase;
			buildActionMask = 2147483647;
			files = (
				80364F28191BBD3D00DA1B52 /* FileOperationTests.m in Sources */,
			);
			runOnlyForDeploymentPostprocessing = 0;
		};
/* End PBXSourcesBuildPhase section */

/* Begin PBXTargetDependency section */
		80364F20191BBD3D00DA1B52 /* PBXTargetDependency */ = {
			isa = PBXTargetDependency;
			target = 80364EF5191BBD3D00DA1B52 /* FileOperation */;
			targetProxy = 80364F1F191BBD3D00DA1B52 /* PBXContainerItemProxy */;
		};
/* End PBXTargetDependency section */

/* Begin PBXVariantGroup section */
		80364F02191BBD3D00DA1B52 /* InfoPlist.strings */ = {
			isa = PBXVariantGroup;
			children = (
				80364F03191BBD3D00DA1B52 /* en */,
			);
			name = InfoPlist.strings;
			sourceTree = "<group>";
		};
		80364F0B191BBD3D00DA1B52 /* Main_iPhone.storyboard */ = {
			isa = PBXVariantGroup;
			children = (
				80364F0C191BBD3D00DA1B52 /* Base */,
			);
			name = Main_iPhone.storyboard;
			sourceTree = "<group>";
		};
		80364F0E191BBD3D00DA1B52 /* Main_iPad.storyboard */ = {
			isa = PBXVariantGroup;
			children = (
				80364F0F191BBD3D00DA1B52 /* Base */,
			);
			name = Main_iPad.storyboard;
			sourceTree = "<group>";
		};
		80364F24191BBD3D00DA1B52 /* InfoPlist.strings */ = {
			isa = PBXVariantGroup;
			children = (
				80364F25191BBD3D00DA1B52 /* en */,
			);
			name = InfoPlist.strings;
			sourceTree = "<group>";
		};
/* End PBXVariantGroup section */

/* Begin XCBuildConfiguration section */
		80364F29191BBD3D00DA1B52 /* Debug */ = {
			isa = XCBuildConfiguration;
			buildSettings = {
				ALWAYS_SEARCH_USER_PATHS = NO;
				CLANG_CXX_LANGUAGE_STANDARD = "gnu++0x";
				CLANG_CXX_LIBRARY = "libc++";
				CLANG_ENABLE_MODULES = YES;
				CLANG_ENABLE_OBJC_ARC = YES;
				CLANG_WARN_BOOL_CONVERSION = YES;
				CLANG_WARN_CONSTANT_CONVERSION = YES;
				CLANG_WARN_DIRECT_OBJC_ISA_USAGE = YES_ERROR;
				CLANG_WARN_EMPTY_BODY = YES;
				CLANG_WARN_ENUM_CONVERSION = YES;
				CLANG_WARN_INT_CONVERSION = YES;
				CLANG_WARN_OBJC_ROOT_CLASS = YES_ERROR;
				CLANG_WARN__DUPLICATE_METHOD_MATCH = YES;
				"CODE_SIGN_IDENTITY[sdk=iphoneos*]" = "iPhone Developer";
				COPY_PHASE_STRIP = NO;
				GCC_C_LANGUAGE_STANDARD = gnu99;
				GCC_DYNAMIC_NO_PIC = NO;
				GCC_OPTIMIZATION_LEVEL = 0;
				GCC_PREPROCESSOR_DEFINITIONS = (
					"DEBUG=1",
					"$(inherited)",
				);
				GCC_SYMBOLS_PRIVATE_EXTERN = NO;
				GCC_WARN_64_TO_32_BIT_CONVERSION = YES;
				GCC_WARN_ABOUT_RETURN_TYPE = YES_ERROR;
				GCC_WARN_UNDECLARED_SELECTOR = YES;
				GCC_WARN_UNINITIALIZED_AUTOS = YES_AGGRESSIVE;
				GCC_WARN_UNUSED_FUNCTION = YES;
				GCC_WARN_UNUSED_VARIABLE = YES;
				IPHONEOS_DEPLOYMENT_TARGET = 7.1;
				ONLY_ACTIVE_ARCH = YES;
				SDKROOT = iphoneos;
				TARGETED_DEVICE_FAMILY = "1,2";
			};
			name = Debug;
		};
		80364F2A191BBD3D00DA1B52 /* Release */ = {
			isa = XCBuildConfiguration;
			buildSettings = {
				ALWAYS_SEARCH_USER_PATHS = NO;
				CLANG_CXX_LANGUAGE_STANDARD = "gnu++0x";
				CLANG_CXX_LIBRARY = "libc++";
				CLANG_ENABLE_MODULES = YES;
				CLANG_ENABLE_OBJC_ARC = YES;
				CLANG_WARN_BOOL_CONVERSION = YES;
				CLANG_WARN_CONSTANT_CONVERSION = YES;
				CLANG_WARN_DIRECT_OBJC_ISA_USAGE = YES_ERROR;
				CLANG_WARN_EMPTY_BODY = YES;
				CLANG_WARN_ENUM_CONVERSION = YES;
				CLANG_WARN_INT_CONVERSION = YES;
				CLANG_WARN_OBJC_ROOT_CLASS = YES_ERROR;
				CLANG_WARN__DUPLICATE_METHOD_MATCH = YES;
				"CODE_SIGN_IDENTITY[sdk=iphoneos*]" = "iPhone Developer";
				COPY_PHASE_STRIP = YES;
				ENABLE_NS_ASSERTIONS = NO;
				GCC_C_LANGUAGE_STANDARD = gnu99;
				GCC_WARN_64_TO_32_BIT_CONVERSION = YES;
				GCC_WARN_ABOUT_RETURN_TYPE = YES_ERROR;
				GCC_WARN_UNDECLARED_SELECTOR = YES;
				GCC_WARN_UNINITIALIZED_AUTOS = YES_AGGRESSIVE;
				GCC_WARN_UNUSED_FUNCTION = YES;
				GCC_WARN_UNUSED_VARIABLE = YES;
				IPHONEOS_DEPLOYMENT_TARGET = 7.1;
				SDKROOT = iphoneos;
				TARGETED_DEVICE_FAMILY = "1,2";
				VALIDATE_PRODUCT = YES;
			};
			name = Release;
		};
		80364F2C191BBD3D00DA1B52 /* Debug */ = {
			isa = XCBuildConfiguration;
			buildSettings = {
				ASSETCATALOG_COMPILER_APPICON_NAME = AppIcon;
				ASSETCATALOG_COMPILER_LAUNCHIMAGE_NAME = LaunchImage;
				GCC_PRECOMPILE_PREFIX_HEADER = YES;
				GCC_PREFIX_HEADER = "FileOperation/FileOperation-Prefix.pch";
				INFOPLIST_FILE = "FileOperation/FileOperation-Info.plist";
				PRODUCT_NAME = "$(TARGET_NAME)";
				WRAPPER_EXTENSION = app;
			};
			name = Debug;
		};
		80364F2D191BBD3D00DA1B52 /* Release */ = {
			isa = XCBuildConfiguration;
			buildSettings = {
				ASSETCATALOG_COMPILER_APPICON_NAME = AppIcon;
				ASSETCATALOG_COMPILER_LAUNCHIMAGE_NAME = LaunchImage;
				GCC_PRECOMPILE_PREFIX_HEADER = YES;
				GCC_PREFIX_HEADER = "FileOperation/FileOperation-Prefix.pch";
				INFOPLIST_FILE = "FileOperation/FileOperation-Info.plist";
				PRODUCT_NAME = "$(TARGET_NAME)";
				WRAPPER_EXTENSION = app;
			};
			name = Release;
		};
		80364F2F191BBD3D00DA1B52 /* Debug */ = {
			isa = XCBuildConfiguration;
			buildSettings = {
				BUNDLE_LOADER = "$(BUILT_PRODUCTS_DIR)/FileOperation.app/FileOperation";
				FRAMEWORK_SEARCH_PATHS = (
					"$(SDKROOT)/Developer/Library/Frameworks",
					"$(inherited)",
					"$(DEVELOPER_FRAMEWORKS_DIR)",
				);
				GCC_PRECOMPILE_PREFIX_HEADER = YES;
				GCC_PREFIX_HEADER = "FileOperation/FileOperation-Prefix.pch";
				GCC_PREPROCESSOR_DEFINITIONS = (
					"DEBUG=1",
					"$(inherited)",
				);
				INFOPLIST_FILE = "FileOperationTests/FileOperationTests-Info.plist";
				PRODUCT_NAME = "$(TARGET_NAME)";
				TEST_HOST = "$(BUNDLE_LOADER)";
				WRAPPER_EXTENSION = xctest;
			};
			name = Debug;
		};
		80364F30191BBD3D00DA1B52 /* Release */ = {
			isa = XCBuildConfiguration;
			buildSettings = {
				BUNDLE_LOADER = "$(BUILT_PRODUCTS_DIR)/FileOperation.app/FileOperation";
				FRAMEWORK_SEARCH_PATHS = (
					"$(SDKROOT)/Developer/Library/Frameworks",
					"$(inherited)",
					"$(DEVELOPER_FRAMEWORKS_DIR)",
				);
				GCC_PRECOMPILE_PREFIX_HEADER = YES;
				GCC_PREFIX_HEADER = "FileOperation/FileOperation-Prefix.pch";
				INFOPLIST_FILE = "FileOperationTests/FileOperationTests-Info.plist";
				PRODUCT_NAME = "$(TARGET_NAME)";
				TEST_HOST = "$(BUNDLE_LOADER)";
				WRAPPER_EXTENSION = xctest;
			};
			name = Release;
		};
/* End XCBuildConfiguration section */

/* Begin XCConfigurationList section */
		80364EF1191BBD3D00DA1B52 /* Build configuration list for PBXProject "FileOperation" */ = {
			isa = XCConfigurationList;
			buildConfigurations = (
				80364F29191BBD3D00DA1B52 /* Debug */,
				80364F2A191BBD3D00DA1B52 /* Release */,
			);
			defaultConfigurationIsVisible = 0;
			defaultConfigurationName = Release;
		};
		80364F2B191BBD3D00DA1B52 /* Build configuration list for PBXNativeTarget "FileOperation" */ = {
			isa = XCConfigurationList;
			buildConfigurations = (
				80364F2C191BBD3D00DA1B52 /* Debug */,
				80364F2D191BBD3D00DA1B52 /* Release */,
			);
			defaultConfigurationIsVisible = 0;
		};
		80364F2E191BBD3D00DA1B52 /* Build configuration list for PBXNativeTarget "FileOperationTests" */ = {
			isa = XCConfigurationList;
			buildConfigurations = (
				80364F2F191BBD3D00DA1B52 /* Debug */,
				80364F30191BBD3D00DA1B52 /* Release */,
			);
			defaultConfigurationIsVisible = 0;
		};
/* End XCConfigurationList section */
	};
	rootObject = 80364EEE191BBD3D00DA1B52 /* Project object */;
}
