// !$*UTF8*$!
{
	archiveVersion = 1;
	classes = {
	};
	objectVersion = 46;
	objects = {

/* Begin PBXBuildFile section */
		80F57921191A8D9E0098F373 /* Foundation.framework in Frameworks */ = {isa = PBXBuildFile; fileRef = 80F57920191A8D9E0098F373 /* Foundation.framework */; };
		80F57923191A8D9E0098F373 /* CoreGraphics.framework in Frameworks */ = {isa = PBXBuildFile; fileRef = 80F57922191A8D9E0098F373 /* CoreGraphics.framework */; };
		80F57925191A8D9E0098F373 /* UIKit.framework in Frameworks */ = {isa = PBXBuildFile; fileRef = 80F57924191A8D9E0098F373 /* UIKit.framework */; };
		80F5792B191A8D9E0098F373 /* InfoPlist.strings in Resources */ = {isa = PBXBuildFile; fileRef = 80F57929191A8D9E0098F373 /* InfoPlist.strings */; };
		80F5792D191A8D9E0098F373 /* main.m in Sources */ = {isa = PBXBuildFile; fileRef = 80F5792C191A8D9E0098F373 /* main.m */; };
		80F57931191A8D9E0098F373 /* RLAppDelegate.m in Sources */ = {isa = PBXBuildFile; fileRef = 80F57930191A8D9E0098F373 /* RLAppDelegate.m */; };
		80F57934191A8D9E0098F373 /* Main_iPhone.storyboard in Resources */ = {isa = PBXBuildFile; fileRef = 80F57932191A8D9E0098F373 /* Main_iPhone.storyboard */; };
		80F57937191A8D9F0098F373 /* Main_iPad.storyboard in Resources */ = {isa = PBXBuildFile; fileRef = 80F57935191A8D9F0098F373 /* Main_iPad.storyboard */; };
		80F5793A191A8D9F0098F373 /* RLViewController.m in Sources */ = {isa = PBXBuildFile; fileRef = 80F57939191A8D9F0098F373 /* RLViewController.m */; };
		80F5793C191A8D9F0098F373 /* Images.xcassets in Resources */ = {isa = PBXBuildFile; fileRef = 80F5793B191A8D9F0098F373 /* Images.xcassets */; };
		80F57943191A8D9F0098F373 /* XCTest.framework in Frameworks */ = {isa = PBXBuildFile; fileRef = 80F57942191A8D9F0098F373 /* XCTest.framework */; };
		80F57944191A8D9F0098F373 /* Foundation.framework in Frameworks */ = {isa = PBXBuildFile; fileRef = 80F57920191A8D9E0098F373 /* Foundation.framework */; };
		80F57945191A8D9F0098F373 /* UIKit.framework in Frameworks */ = {isa = PBXBuildFile; fileRef = 80F57924191A8D9E0098F373 /* UIKit.framework */; };
		80F5794D191A8D9F0098F373 /* InfoPlist.strings in Resources */ = {isa = PBXBuildFile; fileRef = 80F5794B191A8D9F0098F373 /* InfoPlist.strings */; };
		80F5794F191A8D9F0098F373 /* HTTPTests.m in Sources */ = {isa = PBXBuildFile; fileRef = 80F5794E191A8D9F0098F373 /* HTTPTests.m */; };
/* End PBXBuildFile section */

/* Begin PBXContainerItemProxy section */
		80F57946191A8D9F0098F373 /* PBXContainerItemProxy */ = {
			isa = PBXContainerItemProxy;
			containerPortal = 80F57915191A8D9E0098F373 /* Project object */;
			proxyType = 1;
			remoteGlobalIDString = 80F5791C191A8D9E0098F373;
			remoteInfo = HTTP;
		};
/* End PBXContainerItemProxy section */

/* Begin PBXFileReference section */
		80F5791D191A8D9E0098F373 /* HTTP.app */ = {isa = PBXFileReference; explicitFileType = wrapper.application; includeInIndex = 0; path = HTTP.app; sourceTree = BUILT_PRODUCTS_DIR; };
		80F57920191A8D9E0098F373 /* Foundation.framework */ = {isa = PBXFileReference; lastKnownFileType = wrapper.framework; name = Foundation.framework; path = System/Library/Frameworks/Foundation.framework; sourceTree = SDKROOT; };
		80F57922191A8D9E0098F373 /* CoreGraphics.framework */ = {isa = PBXFileReference; lastKnownFileType = wrapper.framework; name = CoreGraphics.framework; path = System/Library/Frameworks/CoreGraphics.framework; sourceTree = SDKROOT; };
		80F57924191A8D9E0098F373 /* UIKit.framework */ = {isa = PBXFileReference; lastKnownFileType = wrapper.framework; name = UIKit.framework; path = System/Library/Frameworks/UIKit.framework; sourceTree = SDKROOT; };
		80F57928191A8D9E0098F373 /* HTTP-Info.plist */ = {isa = PBXFileReference; lastKnownFileType = text.plist.xml; path = "HTTP-Info.plist"; sourceTree = "<group>"; };
		80F5792A191A8D9E0098F373 /* en */ = {isa = PBXFileReference; lastKnownFileType = text.plist.strings; name = en; path = en.lproj/InfoPlist.strings; sourceTree = "<group>"; };
		80F5792C191A8D9E0098F373 /* main.m */ = {isa = PBXFileReference; lastKnownFileType = sourcecode.c.objc; path = main.m; sourceTree = "<group>"; };
		80F5792E191A8D9E0098F373 /* HTTP-Prefix.pch */ = {isa = PBXFileReference; lastKnownFileType = sourcecode.c.h; path = "HTTP-Prefix.pch"; sourceTree = "<group>"; };
		80F5792F191A8D9E0098F373 /* RLAppDelegate.h */ = {isa = PBXFileReference; lastKnownFileType = sourcecode.c.h; path = RLAppDelegate.h; sourceTree = "<group>"; };
		80F57930191A8D9E0098F373 /* RLAppDelegate.m */ = {isa = PBXFileReference; lastKnownFileType = sourcecode.c.objc; path = RLAppDelegate.m; sourceTree = "<group>"; };
		80F57933191A8D9E0098F373 /* Base */ = {isa = PBXFileReference; lastKnownFileType = file.storyboard; name = Base; path = Base.lproj/Main_iPhone.storyboard; sourceTree = "<group>"; };
		80F57936191A8D9F0098F373 /* Base */ = {isa = PBXFileReference; lastKnownFileType = file.storyboard; name = Base; path = Base.lproj/Main_iPad.storyboard; sourceTree = "<group>"; };
		80F57938191A8D9F0098F373 /* RLViewController.h */ = {isa = PBXFileReference; lastKnownFileType = sourcecode.c.h; path = RLViewController.h; sourceTree = "<group>"; };
		80F57939191A8D9F0098F373 /* RLViewController.m */ = {isa = PBXFileReference; lastKnownFileType = sourcecode.c.objc; path = RLViewController.m; sourceTree = "<group>"; };
		80F5793B191A8D9F0098F373 /* Images.xcassets */ = {isa = PBXFileReference; lastKnownFileType = folder.assetcatalog; path = Images.xcassets; sourceTree = "<group>"; };
		80F57941191A8D9F0098F373 /* HTTPTests.xctest */ = {isa = PBXFileReference; explicitFileType = wrapper.cfbundle; includeInIndex = 0; path = HTTPTests.xctest; sourceTree = BUILT_PRODUCTS_DIR; };
		80F57942191A8D9F0098F373 /* XCTest.framework */ = {isa = PBXFileReference; lastKnownFileType = wrapper.framework; name = XCTest.framework; path = Library/Frameworks/XCTest.framework; sourceTree = DEVELOPER_DIR; };
		80F5794A191A8D9F0098F373 /* HTTPTests-Info.plist */ = {isa = PBXFileReference; lastKnownFileType = text.plist.xml; path = "HTTPTests-Info.plist"; sourceTree = "<group>"; };
		80F5794C191A8D9F0098F373 /* en */ = {isa = PBXFileReference; lastKnownFileType = text.plist.strings; name = en; path = en.lproj/InfoPlist.strings; sourceTree = "<group>"; };
		80F5794E191A8D9F0098F373 /* HTTPTests.m */ = {isa = PBXFileReference; lastKnownFileType = sourcecode.c.objc; path = HTTPTests.m; sourceTree = "<group>"; };
/* End PBXFileReference section */

/* Begin PBXFrameworksBuildPhase section */
		80F5791A191A8D9E0098F373 /* Frameworks */ = {
			isa = PBXFrameworksBuildPhase;
			buildActionMask = 2147483647;
			files = (
				80F57923191A8D9E0098F373 /* CoreGraphics.framework in Frameworks */,
				80F57925191A8D9E0098F373 /* UIKit.framework in Frameworks */,
				80F57921191A8D9E0098F373 /* Foundation.framework in Frameworks */,
			);
			runOnlyForDeploymentPostprocessing = 0;
		};
		80F5793E191A8D9F0098F373 /* Frameworks */ = {
			isa = PBXFrameworksBuildPhase;
			buildActionMask = 2147483647;
			files = (
				80F57943191A8D9F0098F373 /* XCTest.framework in Frameworks */,
				80F57945191A8D9F0098F373 /* UIKit.framework in Frameworks */,
				80F57944191A8D9F0098F373 /* Foundation.framework in Frameworks */,
			);
			runOnlyForDeploymentPostprocessing = 0;
		};
/* End PBXFrameworksBuildPhase section */

/* Begin PBXGroup section */
		80F57914191A8D9E0098F373 = {
			isa = PBXGroup;
			children = (
				80F57926191A8D9E0098F373 /* HTTP */,
				80F57948191A8D9F0098F373 /* HTTPTests */,
				80F5791F191A8D9E0098F373 /* Frameworks */,
				80F5791E191A8D9E0098F373 /* Products */,
			);
			sourceTree = "<group>";
		};
		80F5791E191A8D9E0098F373 /* Products */ = {
			isa = PBXGroup;
			children = (
				80F5791D191A8D9E0098F373 /* HTTP.app */,
				80F57941191A8D9F0098F373 /* HTTPTests.xctest */,
			);
			name = Products;
			sourceTree = "<group>";
		};
		80F5791F191A8D9E0098F373 /* Frameworks */ = {
			isa = PBXGroup;
			children = (
				80F57920191A8D9E0098F373 /* Foundation.framework */,
				80F57922191A8D9E0098F373 /* CoreGraphics.framework */,
				80F57924191A8D9E0098F373 /* UIKit.framework */,
				80F57942191A8D9F0098F373 /* XCTest.framework */,
			);
			name = Frameworks;
			sourceTree = "<group>";
		};
		80F57926191A8D9E0098F373 /* HTTP */ = {
			isa = PBXGroup;
			children = (
				80F5792F191A8D9E0098F373 /* RLAppDelegate.h */,
				80F57930191A8D9E0098F373 /* RLAppDelegate.m */,
				80F57932191A8D9E0098F373 /* Main_iPhone.storyboard */,
				80F57935191A8D9F0098F373 /* Main_iPad.storyboard */,
				80F57938191A8D9F0098F373 /* RLViewController.h */,
				80F57939191A8D9F0098F373 /* RLViewController.m */,
				80F5793B191A8D9F0098F373 /* Images.xcassets */,
				80F57927191A8D9E0098F373 /* Supporting Files */,
			);
			path = HTTP;
			sourceTree = "<group>";
		};
		80F57927191A8D9E0098F373 /* Supporting Files */ = {
			isa = PBXGroup;
			children = (
				80F57928191A8D9E0098F373 /* HTTP-Info.plist */,
				80F57929191A8D9E0098F373 /* InfoPlist.strings */,
				80F5792C191A8D9E0098F373 /* main.m */,
				80F5792E191A8D9E0098F373 /* HTTP-Prefix.pch */,
			);
			name = "Supporting Files";
			sourceTree = "<group>";
		};
		80F57948191A8D9F0098F373 /* HTTPTests */ = {
			isa = PBXGroup;
			children = (
				80F5794E191A8D9F0098F373 /* HTTPTests.m */,
				80F57949191A8D9F0098F373 /* Supporting Files */,
			);
			path = HTTPTests;
			sourceTree = "<group>";
		};
		80F57949191A8D9F0098F373 /* Supporting Files */ = {
			isa = PBXGroup;
			children = (
				80F5794A191A8D9F0098F373 /* HTTPTests-Info.plist */,
				80F5794B191A8D9F0098F373 /* InfoPlist.strings */,
			);
			name = "Supporting Files";
			sourceTree = "<group>";
		};
/* End PBXGroup section */

/* Begin PBXNativeTarget section */
		80F5791C191A8D9E0098F373 /* HTTP */ = {
			isa = PBXNativeTarget;
			buildConfigurationList = 80F57952191A8D9F0098F373 /* Build configuration list for PBXNativeTarget "HTTP" */;
			buildPhases = (
				80F57919191A8D9E0098F373 /* Sources */,
				80F5791A191A8D9E0098F373 /* Frameworks */,
				80F5791B191A8D9E0098F373 /* Resources */,
			);
			buildRules = (
			);
			dependencies = (
			);
			name = HTTP;
			productName = HTTP;
			productReference = 80F5791D191A8D9E0098F373 /* HTTP.app */;
			productType = "com.apple.product-type.application";
		};
		80F57940191A8D9F0098F373 /* HTTPTests */ = {
			isa = PBXNativeTarget;
			buildConfigurationList = 80F57955191A8D9F0098F373 /* Build configuration list for PBXNativeTarget "HTTPTests" */;
			buildPhases = (
				80F5793D191A8D9F0098F373 /* Sources */,
				80F5793E191A8D9F0098F373 /* Frameworks */,
				80F5793F191A8D9F0098F373 /* Resources */,
			);
			buildRules = (
			);
			dependencies = (
				80F57947191A8D9F0098F373 /* PBXTargetDependency */,
			);
			name = HTTPTests;
			productName = HTTPTests;
			productReference = 80F57941191A8D9F0098F373 /* HTTPTests.xctest */;
			productType = "com.apple.product-type.bundle.unit-test";
		};
/* End PBXNativeTarget section */

/* Begin PBXProject section */
		80F57915191A8D9E0098F373 /* Project object */ = {
			isa = PBXProject;
			attributes = {
				CLASSPREFIX = RL;
				LastUpgradeCheck = 0510;
				ORGANIZATIONNAME = "Rinc Liu";
				TargetAttributes = {
					80F57940191A8D9F0098F373 = {
						TestTargetID = 80F5791C191A8D9E0098F373;
					};
				};
			};
			buildConfigurationList = 80F57918191A8D9E0098F373 /* Build configuration list for PBXProject "HTTP" */;
			compatibilityVersion = "Xcode 3.2";
			developmentRegion = English;
			hasScannedForEncodings = 0;
			knownRegions = (
				en,
				Base,
			);
			mainGroup = 80F57914191A8D9E0098F373;
			productRefGroup = 80F5791E191A8D9E0098F373 /* Products */;
			projectDirPath = "";
			projectRoot = "";
			targets = (
				80F5791C191A8D9E0098F373 /* HTTP */,
				80F57940191A8D9F0098F373 /* HTTPTests */,
			);
		};
/* End PBXProject section */

/* Begin PBXResourcesBuildPhase section */
		80F5791B191A8D9E0098F373 /* Resources */ = {
			isa = PBXResourcesBuildPhase;
			buildActionMask = 2147483647;
			files = (
				80F57937191A8D9F0098F373 /* Main_iPad.storyboard in Resources */,
				80F5793C191A8D9F0098F373 /* Images.xcassets in Resources */,
				80F57934191A8D9E0098F373 /* Main_iPhone.storyboard in Resources */,
				80F5792B191A8D9E0098F373 /* InfoPlist.strings in Resources */,
			);
			runOnlyForDeploymentPostprocessing = 0;
		};
		80F5793F191A8D9F0098F373 /* Resources */ = {
			isa = PBXResourcesBuildPhase;
			buildActionMask = 2147483647;
			files = (
				80F5794D191A8D9F0098F373 /* InfoPlist.strings in Resources */,
			);
			runOnlyForDeploymentPostprocessing = 0;
		};
/* End PBXResourcesBuildPhase section */

/* Begin PBXSourcesBuildPhase section */
		80F57919191A8D9E0098F373 /* Sources */ = {
			isa = PBXSourcesBuildPhase;
			buildActionMask = 2147483647;
			files = (
				80F57931191A8D9E0098F373 /* RLAppDelegate.m in Sources */,
				80F5792D191A8D9E0098F373 /* main.m in Sources */,
				80F5793A191A8D9F0098F373 /* RLViewController.m in Sources */,
			);
			runOnlyForDeploymentPostprocessing = 0;
		};
		80F5793D191A8D9F0098F373 /* Sources */ = {
			isa = PBXSourcesBuildPhase;
			buildActionMask = 2147483647;
			files = (
				80F5794F191A8D9F0098F373 /* HTTPTests.m in Sources */,
			);
			runOnlyForDeploymentPostprocessing = 0;
		};
/* End PBXSourcesBuildPhase section */

/* Begin PBXTargetDependency section */
		80F57947191A8D9F0098F373 /* PBXTargetDependency */ = {
			isa = PBXTargetDependency;
			target = 80F5791C191A8D9E0098F373 /* HTTP */;
			targetProxy = 80F57946191A8D9F0098F373 /* PBXContainerItemProxy */;
		};
/* End PBXTargetDependency section */

/* Begin PBXVariantGroup section */
		80F57929191A8D9E0098F373 /* InfoPlist.strings */ = {
			isa = PBXVariantGroup;
			children = (
				80F5792A191A8D9E0098F373 /* en */,
			);
			name = InfoPlist.strings;
			sourceTree = "<group>";
		};
		80F57932191A8D9E0098F373 /* Main_iPhone.storyboard */ = {
			isa = PBXVariantGroup;
			children = (
				80F57933191A8D9E0098F373 /* Base */,
			);
			name = Main_iPhone.storyboard;
			sourceTree = "<group>";
		};
		80F57935191A8D9F0098F373 /* Main_iPad.storyboard */ = {
			isa = PBXVariantGroup;
			children = (
				80F57936191A8D9F0098F373 /* Base */,
			);
			name = Main_iPad.storyboard;
			sourceTree = "<group>";
		};
		80F5794B191A8D9F0098F373 /* InfoPlist.strings */ = {
			isa = PBXVariantGroup;
			children = (
				80F5794C191A8D9F0098F373 /* en */,
			);
			name = InfoPlist.strings;
			sourceTree = "<group>";
		};
/* End PBXVariantGroup section */

/* Begin XCBuildConfiguration section */
		80F57950191A8D9F0098F373 /* Debug */ = {
			isa = XCBuildConfiguration;
			buildSettings = {
				ALWAYS_SEARCH_USER_PATHS = NO;
				CLANG_CXX_LANGUAGE_STANDARD = "gnu++0x";
				CLANG_CXX_LIBRARY = "libc++";
				CLANG_ENABLE_MODULES = YES;
				CLANG_ENABLE_OBJC_ARC = YES;
				CLANG_WARN_BOOL_CONVERSION = YES;
				CLANG_WARN_CONSTANT_CONVERSION = YES;
				CLANG_WARN_DIRECT_OBJC_ISA_USAGE = YES_ERROR;
				CLANG_WARN_EMPTY_BODY = YES;
				CLANG_WARN_ENUM_CONVERSION = YES;
				CLANG_WARN_INT_CONVERSION = YES;
				CLANG_WARN_OBJC_ROOT_CLASS = YES_ERROR;
				CLANG_WARN__DUPLICATE_METHOD_MATCH = YES;
				"CODE_SIGN_IDENTITY[sdk=iphoneos*]" = "iPhone Developer";
				COPY_PHASE_STRIP = NO;
				GCC_C_LANGUAGE_STANDARD = gnu99;
				GCC_DYNAMIC_NO_PIC = NO;
				GCC_OPTIMIZATION_LEVEL = 0;
				GCC_PREPROCESSOR_DEFINITIONS = (
					"DEBUG=1",
					"$(inherited)",
				);
				GCC_SYMBOLS_PRIVATE_EXTERN = NO;
				GCC_WARN_64_TO_32_BIT_CONVERSION = YES;
				GCC_WARN_ABOUT_RETURN_TYPE = YES_ERROR;
				GCC_WARN_UNDECLARED_SELECTOR = YES;
				GCC_WARN_UNINITIALIZED_AUTOS = YES_AGGRESSIVE;
				GCC_WARN_UNUSED_FUNCTION = YES;
				GCC_WARN_UNUSED_VARIABLE = YES;
				IPHONEOS_DEPLOYMENT_TARGET = 7.1;
				ONLY_ACTIVE_ARCH = YES;
				SDKROOT = iphoneos;
				TARGETED_DEVICE_FAMILY = "1,2";
			};
			name = Debug;
		};
		80F57951191A8D9F0098F373 /* Release */ = {
			isa = XCBuildConfiguration;
			buildSettings = {
				ALWAYS_SEARCH_USER_PATHS = NO;
				CLANG_CXX_LANGUAGE_STANDARD = "gnu++0x";
				CLANG_CXX_LIBRARY = "libc++";
				CLANG_ENABLE_MODULES = YES;
				CLANG_ENABLE_OBJC_ARC = YES;
				CLANG_WARN_BOOL_CONVERSION = YES;
				CLANG_WARN_CONSTANT_CONVERSION = YES;
				CLANG_WARN_DIRECT_OBJC_ISA_USAGE = YES_ERROR;
				CLANG_WARN_EMPTY_BODY = YES;
				CLANG_WARN_ENUM_CONVERSION = YES;
				CLANG_WARN_INT_CONVERSION = YES;
				CLANG_WARN_OBJC_ROOT_CLASS = YES_ERROR;
				CLANG_WARN__DUPLICATE_METHOD_MATCH = YES;
				"CODE_SIGN_IDENTITY[sdk=iphoneos*]" = "iPhone Developer";
				COPY_PHASE_STRIP = YES;
				ENABLE_NS_ASSERTIONS = NO;
				GCC_C_LANGUAGE_STANDARD = gnu99;
				GCC_WARN_64_TO_32_BIT_CONVERSION = YES;
				GCC_WARN_ABOUT_RETURN_TYPE = YES_ERROR;
				GCC_WARN_UNDECLARED_SELECTOR = YES;
				GCC_WARN_UNINITIALIZED_AUTOS = YES_AGGRESSIVE;
				GCC_WARN_UNUSED_FUNCTION = YES;
				GCC_WARN_UNUSED_VARIABLE = YES;
				IPHONEOS_DEPLOYMENT_TARGET = 7.1;
				SDKROOT = iphoneos;
				TARGETED_DEVICE_FAMILY = "1,2";
				VALIDATE_PRODUCT = YES;
			};
			name = Release;
		};
		80F57953191A8D9F0098F373 /* Debug */ = {
			isa = XCBuildConfiguration;
			buildSettings = {
				ASSETCATALOG_COMPILER_APPICON_NAME = AppIcon;
				ASSETCATALOG_COMPILER_LAUNCHIMAGE_NAME = LaunchImage;
				GCC_PRECOMPILE_PREFIX_HEADER = YES;
				GCC_PREFIX_HEADER = "HTTP/HTTP-Prefix.pch";
				INFOPLIST_FILE = "HTTP/HTTP-Info.plist";
				PRODUCT_NAME = "$(TARGET_NAME)";
				WRAPPER_EXTENSION = app;
			};
			name = Debug;
		};
		80F57954191A8D9F0098F373 /* Release */ = {
			isa = XCBuildConfiguration;
			buildSettings = {
				ASSETCATALOG_COMPILER_APPICON_NAME = AppIcon;
				ASSETCATALOG_COMPILER_LAUNCHIMAGE_NAME = LaunchImage;
				GCC_PRECOMPILE_PREFIX_HEADER = YES;
				GCC_PREFIX_HEADER = "HTTP/HTTP-Prefix.pch";
				INFOPLIST_FILE = "HTTP/HTTP-Info.plist";
				PRODUCT_NAME = "$(TARGET_NAME)";
				WRAPPER_EXTENSION = app;
			};
			name = Release;
		};
		80F57956191A8D9F0098F373 /* Debug */ = {
			isa = XCBuildConfiguration;
			buildSettings = {
				BUNDLE_LOADER = "$(BUILT_PRODUCTS_DIR)/HTTP.app/HTTP";
				FRAMEWORK_SEARCH_PATHS = (
					"$(SDKROOT)/Developer/Library/Frameworks",
					"$(inherited)",
					"$(DEVELOPER_FRAMEWORKS_DIR)",
				);
				GCC_PRECOMPILE_PREFIX_HEADER = YES;
				GCC_PREFIX_HEADER = "HTTP/HTTP-Prefix.pch";
				GCC_PREPROCESSOR_DEFINITIONS = (
					"DEBUG=1",
					"$(inherited)",
				);
				INFOPLIST_FILE = "HTTPTests/HTTPTests-Info.plist";
				PRODUCT_NAME = "$(TARGET_NAME)";
				TEST_HOST = "$(BUNDLE_LOADER)";
				WRAPPER_EXTENSION = xctest;
			};
			name = Debug;
		};
		80F57957191A8D9F0098F373 /* Release */ = {
			isa = XCBuildConfiguration;
			buildSettings = {
				BUNDLE_LOADER = "$(BUILT_PRODUCTS_DIR)/HTTP.app/HTTP";
				FRAMEWORK_SEARCH_PATHS = (
					"$(SDKROOT)/Developer/Library/Frameworks",
					"$(inherited)",
					"$(DEVELOPER_FRAMEWORKS_DIR)",
				);
				GCC_PRECOMPILE_PREFIX_HEADER = YES;
				GCC_PREFIX_HEADER = "HTTP/HTTP-Prefix.pch";
				INFOPLIST_FILE = "HTTPTests/HTTPTests-Info.plist";
				PRODUCT_NAME = "$(TARGET_NAME)";
				TEST_HOST = "$(BUNDLE_LOADER)";
				WRAPPER_EXTENSION = xctest;
			};
			name = Release;
		};
/* End XCBuildConfiguration section */

/* Begin XCConfigurationList section */
		80F57918191A8D9E0098F373 /* Build configuration list for PBXProject "HTTP" */ = {
			isa = XCConfigurationList;
			buildConfigurations = (
				80F57950191A8D9F0098F373 /* Debug */,
				80F57951191A8D9F0098F373 /* Release */,
			);
			defaultConfigurationIsVisible = 0;
			defaultConfigurationName = Release;
		};
		80F57952191A8D9F0098F373 /* Build configuration list for PBXNativeTarget "HTTP" */ = {
			isa = XCConfigurationList;
			buildConfigurations = (
				80F57953191A8D9F0098F373 /* Debug */,
				80F57954191A8D9F0098F373 /* Release */,
			);
			defaultConfigurationIsVisible = 0;
		};
		80F57955191A8D9F0098F373 /* Build configuration list for PBXNativeTarget "HTTPTests" */ = {
			isa = XCConfigurationList;
			buildConfigurations = (
				80F57956191A8D9F0098F373 /* Debug */,
				80F57957191A8D9F0098F373 /* Release */,
			);
			defaultConfigurationIsVisible = 0;
		};
/* End XCConfigurationList section */
	};
	rootObject = 80F57915191A8D9E0098F373 /* Project object */;
}
