// !$*UTF8*$!
{
	archiveVersion = 1;
	classes = {
	};
	objectVersion = 46;
	objects = {

/* Begin PBXBuildFile section */
		8035542A1915313000D9D4B0 /* Foundation.framework in Frameworks */ = {isa = PBXBuildFile; fileRef = 803554291915313000D9D4B0 /* Foundation.framework */; };
		8035542C1915313000D9D4B0 /* CoreGraphics.framework in Frameworks */ = {isa = PBXBuildFile; fileRef = 8035542B1915313000D9D4B0 /* CoreGraphics.framework */; };
		8035542E1915313000D9D4B0 /* UIKit.framework in Frameworks */ = {isa = PBXBuildFile; fileRef = 8035542D1915313000D9D4B0 /* UIKit.framework */; };
		803554341915313000D9D4B0 /* InfoPlist.strings in Resources */ = {isa = PBXBuildFile; fileRef = 803554321915313000D9D4B0 /* InfoPlist.strings */; };
		803554361915313000D9D4B0 /* main.m in Sources */ = {isa = PBXBuildFile; fileRef = 803554351915313000D9D4B0 /* main.m */; };
		8035543A1915313000D9D4B0 /* RLAppDelegate.m in Sources */ = {isa = PBXBuildFile; fileRef = 803554391915313000D9D4B0 /* RLAppDelegate.m */; };
		8035543D1915313000D9D4B0 /* Main_iPhone.storyboard in Resources */ = {isa = PBXBuildFile; fileRef = 8035543B1915313000D9D4B0 /* Main_iPhone.storyboard */; };
		803554401915313000D9D4B0 /* Main_iPad.storyboard in Resources */ = {isa = PBXBuildFile; fileRef = 8035543E1915313000D9D4B0 /* Main_iPad.storyboard */; };
		803554431915313000D9D4B0 /* RLViewController.m in Sources */ = {isa = PBXBuildFile; fileRef = 803554421915313000D9D4B0 /* RLViewController.m */; };
		803554451915313000D9D4B0 /* Images.xcassets in Resources */ = {isa = PBXBuildFile; fileRef = 803554441915313000D9D4B0 /* Images.xcassets */; };
		8035544C1915313000D9D4B0 /* XCTest.framework in Frameworks */ = {isa = PBXBuildFile; fileRef = 8035544B1915313000D9D4B0 /* XCTest.framework */; };
		8035544D1915313000D9D4B0 /* Foundation.framework in Frameworks */ = {isa = PBXBuildFile; fileRef = 803554291915313000D9D4B0 /* Foundation.framework */; };
		8035544E1915313000D9D4B0 /* UIKit.framework in Frameworks */ = {isa = PBXBuildFile; fileRef = 8035542D1915313000D9D4B0 /* UIKit.framework */; };
		803554561915313000D9D4B0 /* InfoPlist.strings in Resources */ = {isa = PBXBuildFile; fileRef = 803554541915313000D9D4B0 /* InfoPlist.strings */; };
		803554581915313100D9D4B0 /* UseCoreDataTests.m in Sources */ = {isa = PBXBuildFile; fileRef = 803554571915313100D9D4B0 /* UseCoreDataTests.m */; };
		80F1A8E01918067300A6DE9C /* RLCoreDataManager.m in Sources */ = {isa = PBXBuildFile; fileRef = 80F1A8DF1918067300A6DE9C /* RLCoreDataManager.m */; };
		80F1A8F21918129F00A6DE9C /* UserModel.xcdatamodeld in Sources */ = {isa = PBXBuildFile; fileRef = 80F1A8F01918129F00A6DE9C /* UserModel.xcdatamodeld */; };
		80F1A8F5191812D200A6DE9C /* UserEntity.m in Sources */ = {isa = PBXBuildFile; fileRef = 80F1A8F4191812D200A6DE9C /* UserEntity.m */; };
/* End PBXBuildFile section */

/* Begin PBXContainerItemProxy section */
		8035544F1915313000D9D4B0 /* PBXContainerItemProxy */ = {
			isa = PBXContainerItemProxy;
			containerPortal = 8035541E1915313000D9D4B0 /* Project object */;
			proxyType = 1;
			remoteGlobalIDString = 803554251915313000D9D4B0;
			remoteInfo = UseCoreData;
		};
/* End PBXContainerItemProxy section */

/* Begin PBXFileReference section */
		803554261915313000D9D4B0 /* UseCoreData.app */ = {isa = PBXFileReference; explicitFileType = wrapper.application; includeInIndex = 0; path = UseCoreData.app; sourceTree = BUILT_PRODUCTS_DIR; };
		803554291915313000D9D4B0 /* Foundation.framework */ = {isa = PBXFileReference; lastKnownFileType = wrapper.framework; name = Foundation.framework; path = System/Library/Frameworks/Foundation.framework; sourceTree = SDKROOT; };
		8035542B1915313000D9D4B0 /* CoreGraphics.framework */ = {isa = PBXFileReference; lastKnownFileType = wrapper.framework; name = CoreGraphics.framework; path = System/Library/Frameworks/CoreGraphics.framework; sourceTree = SDKROOT; };
		8035542D1915313000D9D4B0 /* UIKit.framework */ = {isa = PBXFileReference; lastKnownFileType = wrapper.framework; name = UIKit.framework; path = System/Library/Frameworks/UIKit.framework; sourceTree = SDKROOT; };
		803554311915313000D9D4B0 /* UseCoreData-Info.plist */ = {isa = PBXFileReference; lastKnownFileType = text.plist.xml; path = "UseCoreData-Info.plist"; sourceTree = "<group>"; };
		803554331915313000D9D4B0 /* en */ = {isa = PBXFileReference; lastKnownFileType = text.plist.strings; name = en; path = en.lproj/InfoPlist.strings; sourceTree = "<group>"; };
		803554351915313000D9D4B0 /* main.m */ = {isa = PBXFileReference; lastKnownFileType = sourcecode.c.objc; path = main.m; sourceTree = "<group>"; };
		803554371915313000D9D4B0 /* UseCoreData-Prefix.pch */ = {isa = PBXFileReference; lastKnownFileType = sourcecode.c.h; path = "UseCoreData-Prefix.pch"; sourceTree = "<group>"; };
		803554381915313000D9D4B0 /* RLAppDelegate.h */ = {isa = PBXFileReference; lastKnownFileType = sourcecode.c.h; path = RLAppDelegate.h; sourceTree = "<group>"; };
		803554391915313000D9D4B0 /* RLAppDelegate.m */ = {isa = PBXFileReference; lastKnownFileType = sourcecode.c.objc; path = RLAppDelegate.m; sourceTree = "<group>"; };
		8035543C1915313000D9D4B0 /* Base */ = {isa = PBXFileReference; lastKnownFileType = file.storyboard; name = Base; path = Base.lproj/Main_iPhone.storyboard; sourceTree = "<group>"; };
		8035543F1915313000D9D4B0 /* Base */ = {isa = PBXFileReference; lastKnownFileType = file.storyboard; name = Base; path = Base.lproj/Main_iPad.storyboard; sourceTree = "<group>"; };
		803554411915313000D9D4B0 /* RLViewController.h */ = {isa = PBXFileReference; lastKnownFileType = sourcecode.c.h; path = RLViewController.h; sourceTree = "<group>"; };
		803554421915313000D9D4B0 /* RLViewController.m */ = {isa = PBXFileReference; lastKnownFileType = sourcecode.c.objc; path = RLViewController.m; sourceTree = "<group>"; };
		803554441915313000D9D4B0 /* Images.xcassets */ = {isa = PBXFileReference; lastKnownFileType = folder.assetcatalog; path = Images.xcassets; sourceTree = "<group>"; };
		8035544A1915313000D9D4B0 /* UseCoreDataTests.xctest */ = {isa = PBXFileReference; explicitFileType = wrapper.cfbundle; includeInIndex = 0; path = UseCoreDataTests.xctest; sourceTree = BUILT_PRODUCTS_DIR; };
		8035544B1915313000D9D4B0 /* XCTest.framework */ = {isa = PBXFileReference; lastKnownFileType = wrapper.framework; name = XCTest.framework; path = Library/Frameworks/XCTest.framework; sourceTree = DEVELOPER_DIR; };
		803554531915313000D9D4B0 /* UseCoreDataTests-Info.plist */ = {isa = PBXFileReference; lastKnownFileType = text.plist.xml; path = "UseCoreDataTests-Info.plist"; sourceTree = "<group>"; };
		803554551915313000D9D4B0 /* en */ = {isa = PBXFileReference; lastKnownFileType = text.plist.strings; name = en; path = en.lproj/InfoPlist.strings; sourceTree = "<group>"; };
		803554571915313100D9D4B0 /* UseCoreDataTests.m */ = {isa = PBXFileReference; lastKnownFileType = sourcecode.c.objc; path = UseCoreDataTests.m; sourceTree = "<group>"; };
		80F1A8DE1918067300A6DE9C /* RLCoreDataManager.h */ = {isa = PBXFileReference; fileEncoding = 4; lastKnownFileType = sourcecode.c.h; path = RLCoreDataManager.h; sourceTree = "<group>"; };
		80F1A8DF1918067300A6DE9C /* RLCoreDataManager.m */ = {isa = PBXFileReference; fileEncoding = 4; lastKnownFileType = sourcecode.c.objc; path = RLCoreDataManager.m; sourceTree = "<group>"; };
		80F1A8F11918129F00A6DE9C /* UserModel.xcdatamodel */ = {isa = PBXFileReference; lastKnownFileType = wrapper.xcdatamodel; path = UserModel.xcdatamodel; sourceTree = "<group>"; };
		80F1A8F3191812D200A6DE9C /* UserEntity.h */ = {isa = PBXFileReference; fileEncoding = 4; lastKnownFileType = sourcecode.c.h; name = UserEntity.h; path = UseCoreData/UserEntity.h; sourceTree = "<group>"; };
		80F1A8F4191812D200A6DE9C /* UserEntity.m */ = {isa = PBXFileReference; fileEncoding = 4; lastKnownFileType = sourcecode.c.objc; name = UserEntity.m; path = UseCoreData/UserEntity.m; sourceTree = "<group>"; };
/* End PBXFileReference section */

/* Begin PBXFrameworksBuildPhase section */
		803554231915313000D9D4B0 /* Frameworks */ = {
			isa = PBXFrameworksBuildPhase;
			buildActionMask = 2147483647;
			files = (
				8035542C1915313000D9D4B0 /* CoreGraphics.framework in Frameworks */,
				8035542E1915313000D9D4B0 /* UIKit.framework in Frameworks */,
				8035542A1915313000D9D4B0 /* Foundation.framework in Frameworks */,
			);
			runOnlyForDeploymentPostprocessing = 0;
		};
		803554471915313000D9D4B0 /* Frameworks */ = {
			isa = PBXFrameworksBuildPhase;
			buildActionMask = 2147483647;
			files = (
				8035544C1915313000D9D4B0 /* XCTest.framework in Frameworks */,
				8035544E1915313000D9D4B0 /* UIKit.framework in Frameworks */,
				8035544D1915313000D9D4B0 /* Foundation.framework in Frameworks */,
			);
			runOnlyForDeploymentPostprocessing = 0;
		};
/* End PBXFrameworksBuildPhase section */

/* Begin PBXGroup section */
		8035541D1915313000D9D4B0 = {
			isa = PBXGroup;
			children = (
				8035542F1915313000D9D4B0 /* UseCoreData */,
				803554511915313000D9D4B0 /* UseCoreDataTests */,
				803554281915313000D9D4B0 /* Frameworks */,
				803554271915313000D9D4B0 /* Products */,
			);
			sourceTree = "<group>";
		};
		803554271915313000D9D4B0 /* Products */ = {
			isa = PBXGroup;
			children = (
				803554261915313000D9D4B0 /* UseCoreData.app */,
				8035544A1915313000D9D4B0 /* UseCoreDataTests.xctest */,
			);
			name = Products;
			sourceTree = "<group>";
		};
		803554281915313000D9D4B0 /* Frameworks */ = {
			isa = PBXGroup;
			children = (
				803554291915313000D9D4B0 /* Foundation.framework */,
				8035542B1915313000D9D4B0 /* CoreGraphics.framework */,
				8035542D1915313000D9D4B0 /* UIKit.framework */,
				8035544B1915313000D9D4B0 /* XCTest.framework */,
			);
			name = Frameworks;
			sourceTree = "<group>";
		};
		8035542F1915313000D9D4B0 /* UseCoreData */ = {
			isa = PBXGroup;
			children = (
				80F1A8EF191811EE00A6DE9C /* Data */,
				80F1A8EE191811BC00A6DE9C /* StoryBoard */,
				803554441915313000D9D4B0 /* Images.xcassets */,
				803554381915313000D9D4B0 /* RLAppDelegate.h */,
				803554391915313000D9D4B0 /* RLAppDelegate.m */,
				803554301915313000D9D4B0 /* Supporting Files */,
				80F1A8E319180C2100A6DE9C /* ViewController */,
			);
			path = UseCoreData;
			sourceTree = "<group>";
		};
		803554301915313000D9D4B0 /* Supporting Files */ = {
			isa = PBXGroup;
			children = (
				803554311915313000D9D4B0 /* UseCoreData-Info.plist */,
				803554321915313000D9D4B0 /* InfoPlist.strings */,
				803554351915313000D9D4B0 /* main.m */,
				803554371915313000D9D4B0 /* UseCoreData-Prefix.pch */,
			);
			name = "Supporting Files";
			sourceTree = "<group>";
		};
		803554511915313000D9D4B0 /* UseCoreDataTests */ = {
			isa = PBXGroup;
			children = (
				803554571915313100D9D4B0 /* UseCoreDataTests.m */,
				803554521915313000D9D4B0 /* Supporting Files */,
			);
			path = UseCoreDataTests;
			sourceTree = "<group>";
		};
		803554521915313000D9D4B0 /* Supporting Files */ = {
			isa = PBXGroup;
			children = (
				803554531915313000D9D4B0 /* UseCoreDataTests-Info.plist */,
				803554541915313000D9D4B0 /* InfoPlist.strings */,
			);
			name = "Supporting Files";
			sourceTree = "<group>";
		};
		80F1A8E219180BF100A6DE9C /* Manager */ = {
			isa = PBXGroup;
			children = (
				80F1A8DE1918067300A6DE9C /* RLCoreDataManager.h */,
				80F1A8DF1918067300A6DE9C /* RLCoreDataManager.m */,
			);
			name = Manager;
			sourceTree = "<group>";
		};
		80F1A8E319180C2100A6DE9C /* ViewController */ = {
			isa = PBXGroup;
			children = (
				803554411915313000D9D4B0 /* RLViewController.h */,
				803554421915313000D9D4B0 /* RLViewController.m */,
			);
			name = ViewController;
			sourceTree = "<group>";
		};
		80F1A8ED191810E000A6DE9C /* Model */ = {
			isa = PBXGroup;
			children = (
				80F1A8F3191812D200A6DE9C /* UserEntity.h */,
				80F1A8F4191812D200A6DE9C /* UserEntity.m */,
				80F1A8F01918129F00A6DE9C /* UserModel.xcdatamodeld */,
			);
			name = Model;
			path = ..;
			sourceTree = "<group>";
		};
		80F1A8EE191811BC00A6DE9C /* StoryBoard */ = {
			isa = PBXGroup;
			children = (
				8035543E1915313000D9D4B0 /* Main_iPad.storyboard */,
				8035543B1915313000D9D4B0 /* Main_iPhone.storyboard */,
			);
			name = StoryBoard;
			sourceTree = "<group>";
		};
		80F1A8EF191811EE00A6DE9C /* Data */ = {
			isa = PBXGroup;
			children = (
				80F1A8ED191810E000A6DE9C /* Model */,
				80F1A8E219180BF100A6DE9C /* Manager */,
			);
			name = Data;
			sourceTree = "<group>";
		};
/* End PBXGroup section */

/* Begin PBXNativeTarget section */
		803554251915313000D9D4B0 /* UseCoreData */ = {
			isa = PBXNativeTarget;
			buildConfigurationList = 8035545B1915313100D9D4B0 /* Build configuration list for PBXNativeTarget "UseCoreData" */;
			buildPhases = (
				803554221915313000D9D4B0 /* Sources */,
				803554231915313000D9D4B0 /* Frameworks */,
				803554241915313000D9D4B0 /* Resources */,
			);
			buildRules = (
			);
			dependencies = (
			);
			name = UseCoreData;
			productName = UseCoreData;
			productReference = 803554261915313000D9D4B0 /* UseCoreData.app */;
			productType = "com.apple.product-type.application";
		};
		803554491915313000D9D4B0 /* UseCoreDataTests */ = {
			isa = PBXNativeTarget;
			buildConfigurationList = 8035545E1915313100D9D4B0 /* Build configuration list for PBXNativeTarget "UseCoreDataTests" */;
			buildPhases = (
				803554461915313000D9D4B0 /* Sources */,
				803554471915313000D9D4B0 /* Frameworks */,
				803554481915313000D9D4B0 /* Resources */,
			);
			buildRules = (
			);
			dependencies = (
				803554501915313000D9D4B0 /* PBXTargetDependency */,
			);
			name = UseCoreDataTests;
			productName = UseCoreDataTests;
			productReference = 8035544A1915313000D9D4B0 /* UseCoreDataTests.xctest */;
			productType = "com.apple.product-type.bundle.unit-test";
		};
/* End PBXNativeTarget section */

/* Begin PBXProject section */
		8035541E1915313000D9D4B0 /* Project object */ = {
			isa = PBXProject;
			attributes = {
				CLASSPREFIX = RL;
				LastUpgradeCheck = 0510;
				ORGANIZATIONNAME = "Rinc Liu";
				TargetAttributes = {
					803554491915313000D9D4B0 = {
						TestTargetID = 803554251915313000D9D4B0;
					};
				};
			};
			buildConfigurationList = 803554211915313000D9D4B0 /* Build configuration list for PBXProject "UseCoreData" */;
			compatibilityVersion = "Xcode 3.2";
			developmentRegion = English;
			hasScannedForEncodings = 0;
			knownRegions = (
				en,
				Base,
			);
			mainGroup = 8035541D1915313000D9D4B0;
			productRefGroup = 803554271915313000D9D4B0 /* Products */;
			projectDirPath = "";
			projectRoot = "";
			targets = (
				803554251915313000D9D4B0 /* UseCoreData */,
				803554491915313000D9D4B0 /* UseCoreDataTests */,
			);
		};
/* End PBXProject section */

/* Begin PBXResourcesBuildPhase section */
		803554241915313000D9D4B0 /* Resources */ = {
			isa = PBXResourcesBuildPhase;
			buildActionMask = 2147483647;
			files = (
				803554401915313000D9D4B0 /* Main_iPad.storyboard in Resources */,
				803554451915313000D9D4B0 /* Images.xcassets in Resources */,
				8035543D1915313000D9D4B0 /* Main_iPhone.storyboard in Resources */,
				803554341915313000D9D4B0 /* InfoPlist.strings in Resources */,
			);
			runOnlyForDeploymentPostprocessing = 0;
		};
		803554481915313000D9D4B0 /* Resources */ = {
			isa = PBXResourcesBuildPhase;
			buildActionMask = 2147483647;
			files = (
				803554561915313000D9D4B0 /* InfoPlist.strings in Resources */,
			);
			runOnlyForDeploymentPostprocessing = 0;
		};
/* End PBXResourcesBuildPhase section */

/* Begin PBXSourcesBuildPhase section */
		803554221915313000D9D4B0 /* Sources */ = {
			isa = PBXSourcesBuildPhase;
			buildActionMask = 2147483647;
			files = (
				80F1A8F21918129F00A6DE9C /* UserModel.xcdatamodeld in Sources */,
				8035543A1915313000D9D4B0 /* RLAppDelegate.m in Sources */,
				803554361915313000D9D4B0 /* main.m in Sources */,
				80F1A8F5191812D200A6DE9C /* UserEntity.m in Sources */,
				803554431915313000D9D4B0 /* RLViewController.m in Sources */,
				80F1A8E01918067300A6DE9C /* RLCoreDataManager.m in Sources */,
			);
			runOnlyForDeploymentPostprocessing = 0;
		};
		803554461915313000D9D4B0 /* Sources */ = {
			isa = PBXSourcesBuildPhase;
			buildActionMask = 2147483647;
			files = (
				803554581915313100D9D4B0 /* UseCoreDataTests.m in Sources */,
			);
			runOnlyForDeploymentPostprocessing = 0;
		};
/* End PBXSourcesBuildPhase section */

/* Begin PBXTargetDependency section */
		803554501915313000D9D4B0 /* PBXTargetDependency */ = {
			isa = PBXTargetDependency;
			target = 803554251915313000D9D4B0 /* UseCoreData */;
			targetProxy = 8035544F1915313000D9D4B0 /* PBXContainerItemProxy */;
		};
/* End PBXTargetDependency section */

/* Begin PBXVariantGroup section */
		803554321915313000D9D4B0 /* InfoPlist.strings */ = {
			isa = PBXVariantGroup;
			children = (
				803554331915313000D9D4B0 /* en */,
			);
			name = InfoPlist.strings;
			sourceTree = "<group>";
		};
		8035543B1915313000D9D4B0 /* Main_iPhone.storyboard */ = {
			isa = PBXVariantGroup;
			children = (
				8035543C1915313000D9D4B0 /* Base */,
			);
			name = Main_iPhone.storyboard;
			sourceTree = "<group>";
		};
		8035543E1915313000D9D4B0 /* Main_iPad.storyboard */ = {
			isa = PBXVariantGroup;
			children = (
				8035543F1915313000D9D4B0 /* Base */,
			);
			name = Main_iPad.storyboard;
			sourceTree = "<group>";
		};
		803554541915313000D9D4B0 /* InfoPlist.strings */ = {
			isa = PBXVariantGroup;
			children = (
				803554551915313000D9D4B0 /* en */,
			);
			name = InfoPlist.strings;
			sourceTree = "<group>";
		};
/* End PBXVariantGroup section */

/* Begin XCBuildConfiguration section */
		803554591915313100D9D4B0 /* Debug */ = {
			isa = XCBuildConfiguration;
			buildSettings = {
				ALWAYS_SEARCH_USER_PATHS = NO;
				CLANG_CXX_LANGUAGE_STANDARD = "gnu++0x";
				CLANG_CXX_LIBRARY = "libc++";
				CLANG_ENABLE_MODULES = YES;
				CLANG_ENABLE_OBJC_ARC = YES;
				CLANG_WARN_BOOL_CONVERSION = YES;
				CLANG_WARN_CONSTANT_CONVERSION = YES;
				CLANG_WARN_DIRECT_OBJC_ISA_USAGE = YES_ERROR;
				CLANG_WARN_EMPTY_BODY = YES;
				CLANG_WARN_ENUM_CONVERSION = YES;
				CLANG_WARN_INT_CONVERSION = YES;
				CLANG_WARN_OBJC_ROOT_CLASS = YES_ERROR;
				CLANG_WARN__DUPLICATE_METHOD_MATCH = YES;
				"CODE_SIGN_IDENTITY[sdk=iphoneos*]" = "iPhone Developer";
				COPY_PHASE_STRIP = NO;
				GCC_C_LANGUAGE_STANDARD = gnu99;
				GCC_DYNAMIC_NO_PIC = NO;
				GCC_OPTIMIZATION_LEVEL = 0;
				GCC_PREPROCESSOR_DEFINITIONS = (
					"DEBUG=1",
					"$(inherited)",
				);
				GCC_SYMBOLS_PRIVATE_EXTERN = NO;
				GCC_WARN_64_TO_32_BIT_CONVERSION = YES;
				GCC_WARN_ABOUT_RETURN_TYPE = YES_ERROR;
				GCC_WARN_UNDECLARED_SELECTOR = YES;
				GCC_WARN_UNINITIALIZED_AUTOS = YES_AGGRESSIVE;
				GCC_WARN_UNUSED_FUNCTION = YES;
				GCC_WARN_UNUSED_VARIABLE = YES;
				IPHONEOS_DEPLOYMENT_TARGET = 7.1;
				ONLY_ACTIVE_ARCH = YES;
				SDKROOT = iphoneos;
				TARGETED_DEVICE_FAMILY = "1,2";
			};
			name = Debug;
		};
		8035545A1915313100D9D4B0 /* Release */ = {
			isa = XCBuildConfiguration;
			buildSettings = {
				ALWAYS_SEARCH_USER_PATHS = NO;
				CLANG_CXX_LANGUAGE_STANDARD = "gnu++0x";
				CLANG_CXX_LIBRARY = "libc++";
				CLANG_ENABLE_MODULES = YES;
				CLANG_ENABLE_OBJC_ARC = YES;
				CLANG_WARN_BOOL_CONVERSION = YES;
				CLANG_WARN_CONSTANT_CONVERSION = YES;
				CLANG_WARN_DIRECT_OBJC_ISA_USAGE = YES_ERROR;
				CLANG_WARN_EMPTY_BODY = YES;
				CLANG_WARN_ENUM_CONVERSION = YES;
				CLANG_WARN_INT_CONVERSION = YES;
				CLANG_WARN_OBJC_ROOT_CLASS = YES_ERROR;
				CLANG_WARN__DUPLICATE_METHOD_MATCH = YES;
				"CODE_SIGN_IDENTITY[sdk=iphoneos*]" = "iPhone Developer";
				COPY_PHASE_STRIP = YES;
				ENABLE_NS_ASSERTIONS = NO;
				GCC_C_LANGUAGE_STANDARD = gnu99;
				GCC_WARN_64_TO_32_BIT_CONVERSION = YES;
				GCC_WARN_ABOUT_RETURN_TYPE = YES_ERROR;
				GCC_WARN_UNDECLARED_SELECTOR = YES;
				GCC_WARN_UNINITIALIZED_AUTOS = YES_AGGRESSIVE;
				GCC_WARN_UNUSED_FUNCTION = YES;
				GCC_WARN_UNUSED_VARIABLE = YES;
				IPHONEOS_DEPLOYMENT_TARGET = 7.1;
				SDKROOT = iphoneos;
				TARGETED_DEVICE_FAMILY = "1,2";
				VALIDATE_PRODUCT = YES;
			};
			name = Release;
		};
		8035545C1915313100D9D4B0 /* Debug */ = {
			isa = XCBuildConfiguration;
			buildSettings = {
				ASSETCATALOG_COMPILER_APPICON_NAME = AppIcon;
				ASSETCATALOG_COMPILER_LAUNCHIMAGE_NAME = LaunchImage;
				GCC_PRECOMPILE_PREFIX_HEADER = YES;
				GCC_PREFIX_HEADER = "UseCoreData/UseCoreData-Prefix.pch";
				INFOPLIST_FILE = "UseCoreData/UseCoreData-Info.plist";
				PRODUCT_NAME = "$(TARGET_NAME)";
				WRAPPER_EXTENSION = app;
			};
			name = Debug;
		};
		8035545D1915313100D9D4B0 /* Release */ = {
			isa = XCBuildConfiguration;
			buildSettings = {
				ASSETCATALOG_COMPILER_APPICON_NAME = AppIcon;
				ASSETCATALOG_COMPILER_LAUNCHIMAGE_NAME = LaunchImage;
				GCC_PRECOMPILE_PREFIX_HEADER = YES;
				GCC_PREFIX_HEADER = "UseCoreData/UseCoreData-Prefix.pch";
				INFOPLIST_FILE = "UseCoreData/UseCoreData-Info.plist";
				PRODUCT_NAME = "$(TARGET_NAME)";
				WRAPPER_EXTENSION = app;
			};
			name = Release;
		};
		8035545F1915313100D9D4B0 /* Debug */ = {
			isa = XCBuildConfiguration;
			buildSettings = {
				BUNDLE_LOADER = "$(BUILT_PRODUCTS_DIR)/UseCoreData.app/UseCoreData";
				FRAMEWORK_SEARCH_PATHS = (
					"$(SDKROOT)/Developer/Library/Frameworks",
					"$(inherited)",
					"$(DEVELOPER_FRAMEWORKS_DIR)",
				);
				GCC_PRECOMPILE_PREFIX_HEADER = YES;
				GCC_PREFIX_HEADER = "UseCoreData/UseCoreData-Prefix.pch";
				GCC_PREPROCESSOR_DEFINITIONS = (
					"DEBUG=1",
					"$(inherited)",
				);
				INFOPLIST_FILE = "UseCoreDataTests/UseCoreDataTests-Info.plist";
				PRODUCT_NAME = "$(TARGET_NAME)";
				TEST_HOST = "$(BUNDLE_LOADER)";
				WRAPPER_EXTENSION = xctest;
			};
			name = Debug;
		};
		803554601915313100D9D4B0 /* Release */ = {
			isa = XCBuildConfiguration;
			buildSettings = {
				BUNDLE_LOADER = "$(BUILT_PRODUCTS_DIR)/UseCoreData.app/UseCoreData";
				FRAMEWORK_SEARCH_PATHS = (
					"$(SDKROOT)/Developer/Library/Frameworks",
					"$(inherited)",
					"$(DEVELOPER_FRAMEWORKS_DIR)",
				);
				GCC_PRECOMPILE_PREFIX_HEADER = YES;
				GCC_PREFIX_HEADER = "UseCoreData/UseCoreData-Prefix.pch";
				INFOPLIST_FILE = "UseCoreDataTests/UseCoreDataTests-Info.plist";
				PRODUCT_NAME = "$(TARGET_NAME)";
				TEST_HOST = "$(BUNDLE_LOADER)";
				WRAPPER_EXTENSION = xctest;
			};
			name = Release;
		};
/* End XCBuildConfiguration section */

/* Begin XCConfigurationList section */
		803554211915313000D9D4B0 /* Build configuration list for PBXProject "UseCoreData" */ = {
			isa = XCConfigurationList;
			buildConfigurations = (
				803554591915313100D9D4B0 /* Debug */,
				8035545A1915313100D9D4B0 /* Release */,
			);
			defaultConfigurationIsVisible = 0;
			defaultConfigurationName = Release;
		};
		8035545B1915313100D9D4B0 /* Build configuration list for PBXNativeTarget "UseCoreData" */ = {
			isa = XCConfigurationList;
			buildConfigurations = (
				8035545C1915313100D9D4B0 /* Debug */,
				8035545D1915313100D9D4B0 /* Release */,
			);
			defaultConfigurationIsVisible = 0;
			defaultConfigurationName = Release;
		};
		8035545E1915313100D9D4B0 /* Build configuration list for PBXNativeTarget "UseCoreDataTests" */ = {
			isa = XCConfigurationList;
			buildConfigurations = (
				8035545F1915313100D9D4B0 /* Debug */,
				803554601915313100D9D4B0 /* Release */,
			);
			defaultConfigurationIsVisible = 0;
			defaultConfigurationName = Release;
		};
/* End XCConfigurationList section */

/* Begin XCVersionGroup section */
		80F1A8F01918129F00A6DE9C /* UserModel.xcdatamodeld */ = {
			isa = XCVersionGroup;
			children = (
				80F1A8F11918129F00A6DE9C /* UserModel.xcdatamodel */,
			);
			currentVersion = 80F1A8F11918129F00A6DE9C /* UserModel.xcdatamodel */;
			path = UserModel.xcdatamodeld;
			sourceTree = "<group>";
			versionGroupType = wrapper.xcdatamodel;
		};
/* End XCVersionGroup section */
	};
	rootObject = 8035541E1915313000D9D4B0 /* Project object */;
}
