// !$*UTF8*$!
{
	archiveVersion = 1;
	classes = {
	};
	objectVersion = 46;
	objects = {

/* Begin PBXBuildFile section */
		80C6A13319117EC2003C5DB2 /* Foundation.framework in Frameworks */ = {isa = PBXBuildFile; fileRef = 80C6A13219117EC2003C5DB2 /* Foundation.framework */; };
		80C6A13519117EC2003C5DB2 /* CoreGraphics.framework in Frameworks */ = {isa = PBXBuildFile; fileRef = 80C6A13419117EC2003C5DB2 /* CoreGraphics.framework */; };
		80C6A13719117EC2003C5DB2 /* UIKit.framework in Frameworks */ = {isa = PBXBuildFile; fileRef = 80C6A13619117EC2003C5DB2 /* UIKit.framework */; };
		80C6A13D19117EC2003C5DB2 /* InfoPlist.strings in Resources */ = {isa = PBXBuildFile; fileRef = 80C6A13B19117EC2003C5DB2 /* InfoPlist.strings */; };
		80C6A13F19117EC2003C5DB2 /* main.m in Sources */ = {isa = PBXBuildFile; fileRef = 80C6A13E19117EC2003C5DB2 /* main.m */; };
		80C6A14319117EC2003C5DB2 /* RLAppDelegate.m in Sources */ = {isa = PBXBuildFile; fileRef = 80C6A14219117EC2003C5DB2 /* RLAppDelegate.m */; };
		80C6A14619117EC2003C5DB2 /* Main_iPhone.storyboard in Resources */ = {isa = PBXBuildFile; fileRef = 80C6A14419117EC2003C5DB2 /* Main_iPhone.storyboard */; };
		80C6A14919117EC2003C5DB2 /* Main_iPad.storyboard in Resources */ = {isa = PBXBuildFile; fileRef = 80C6A14719117EC2003C5DB2 /* Main_iPad.storyboard */; };
		80C6A14C19117EC2003C5DB2 /* RLViewController.m in Sources */ = {isa = PBXBuildFile; fileRef = 80C6A14B19117EC2003C5DB2 /* RLViewController.m */; };
		80C6A14E19117EC2003C5DB2 /* Images.xcassets in Resources */ = {isa = PBXBuildFile; fileRef = 80C6A14D19117EC2003C5DB2 /* Images.xcassets */; };
		80C6A15519117EC2003C5DB2 /* XCTest.framework in Frameworks */ = {isa = PBXBuildFile; fileRef = 80C6A15419117EC2003C5DB2 /* XCTest.framework */; };
		80C6A15619117EC2003C5DB2 /* Foundation.framework in Frameworks */ = {isa = PBXBuildFile; fileRef = 80C6A13219117EC2003C5DB2 /* Foundation.framework */; };
		80C6A15719117EC2003C5DB2 /* UIKit.framework in Frameworks */ = {isa = PBXBuildFile; fileRef = 80C6A13619117EC2003C5DB2 /* UIKit.framework */; };
		80C6A15F19117EC2003C5DB2 /* InfoPlist.strings in Resources */ = {isa = PBXBuildFile; fileRef = 80C6A15D19117EC2003C5DB2 /* InfoPlist.strings */; };
		80C6A16119117EC2003C5DB2 /* UseUIScrollViewTests.m in Sources */ = {isa = PBXBuildFile; fileRef = 80C6A16019117EC2003C5DB2 /* UseUIScrollViewTests.m */; };
/* End PBXBuildFile section */

/* Begin PBXContainerItemProxy section */
		80C6A15819117EC2003C5DB2 /* PBXContainerItemProxy */ = {
			isa = PBXContainerItemProxy;
			containerPortal = 80C6A12719117EC2003C5DB2 /* Project object */;
			proxyType = 1;
			remoteGlobalIDString = 80C6A12E19117EC2003C5DB2;
			remoteInfo = UseUIScrollView;
		};
/* End PBXContainerItemProxy section */

/* Begin PBXFileReference section */
		80C6A12F19117EC2003C5DB2 /* UseUIScrollView.app */ = {isa = PBXFileReference; explicitFileType = wrapper.application; includeInIndex = 0; path = UseUIScrollView.app; sourceTree = BUILT_PRODUCTS_DIR; };
		80C6A13219117EC2003C5DB2 /* Foundation.framework */ = {isa = PBXFileReference; lastKnownFileType = wrapper.framework; name = Foundation.framework; path = System/Library/Frameworks/Foundation.framework; sourceTree = SDKROOT; };
		80C6A13419117EC2003C5DB2 /* CoreGraphics.framework */ = {isa = PBXFileReference; lastKnownFileType = wrapper.framework; name = CoreGraphics.framework; path = System/Library/Frameworks/CoreGraphics.framework; sourceTree = SDKROOT; };
		80C6A13619117EC2003C5DB2 /* UIKit.framework */ = {isa = PBXFileReference; lastKnownFileType = wrapper.framework; name = UIKit.framework; path = System/Library/Frameworks/UIKit.framework; sourceTree = SDKROOT; };
		80C6A13A19117EC2003C5DB2 /* UseUIScrollView-Info.plist */ = {isa = PBXFileReference; lastKnownFileType = text.plist.xml; path = "UseUIScrollView-Info.plist"; sourceTree = "<group>"; };
		80C6A13C19117EC2003C5DB2 /* en */ = {isa = PBXFileReference; lastKnownFileType = text.plist.strings; name = en; path = en.lproj/InfoPlist.strings; sourceTree = "<group>"; };
		80C6A13E19117EC2003C5DB2 /* main.m */ = {isa = PBXFileReference; lastKnownFileType = sourcecode.c.objc; path = main.m; sourceTree = "<group>"; };
		80C6A14019117EC2003C5DB2 /* UseUIScrollView-Prefix.pch */ = {isa = PBXFileReference; lastKnownFileType = sourcecode.c.h; path = "UseUIScrollView-Prefix.pch"; sourceTree = "<group>"; };
		80C6A14119117EC2003C5DB2 /* RLAppDelegate.h */ = {isa = PBXFileReference; lastKnownFileType = sourcecode.c.h; path = RLAppDelegate.h; sourceTree = "<group>"; };
		80C6A14219117EC2003C5DB2 /* RLAppDelegate.m */ = {isa = PBXFileReference; lastKnownFileType = sourcecode.c.objc; path = RLAppDelegate.m; sourceTree = "<group>"; };
		80C6A14519117EC2003C5DB2 /* Base */ = {isa = PBXFileReference; lastKnownFileType = file.storyboard; name = Base; path = Base.lproj/Main_iPhone.storyboard; sourceTree = "<group>"; };
		80C6A14819117EC2003C5DB2 /* Base */ = {isa = PBXFileReference; lastKnownFileType = file.storyboard; name = Base; path = Base.lproj/Main_iPad.storyboard; sourceTree = "<group>"; };
		80C6A14A19117EC2003C5DB2 /* RLViewController.h */ = {isa = PBXFileReference; lastKnownFileType = sourcecode.c.h; path = RLViewController.h; sourceTree = "<group>"; };
		80C6A14B19117EC2003C5DB2 /* RLViewController.m */ = {isa = PBXFileReference; lastKnownFileType = sourcecode.c.objc; path = RLViewController.m; sourceTree = "<group>"; };
		80C6A14D19117EC2003C5DB2 /* Images.xcassets */ = {isa = PBXFileReference; lastKnownFileType = folder.assetcatalog; path = Images.xcassets; sourceTree = "<group>"; };
		80C6A15319117EC2003C5DB2 /* UseUIScrollViewTests.xctest */ = {isa = PBXFileReference; explicitFileType = wrapper.cfbundle; includeInIndex = 0; path = UseUIScrollViewTests.xctest; sourceTree = BUILT_PRODUCTS_DIR; };
		80C6A15419117EC2003C5DB2 /* XCTest.framework */ = {isa = PBXFileReference; lastKnownFileType = wrapper.framework; name = XCTest.framework; path = Library/Frameworks/XCTest.framework; sourceTree = DEVELOPER_DIR; };
		80C6A15C19117EC2003C5DB2 /* UseUIScrollViewTests-Info.plist */ = {isa = PBXFileReference; lastKnownFileType = text.plist.xml; path = "UseUIScrollViewTests-Info.plist"; sourceTree = "<group>"; };
		80C6A15E19117EC2003C5DB2 /* en */ = {isa = PBXFileReference; lastKnownFileType = text.plist.strings; name = en; path = en.lproj/InfoPlist.strings; sourceTree = "<group>"; };
		80C6A16019117EC2003C5DB2 /* UseUIScrollViewTests.m */ = {isa = PBXFileReference; lastKnownFileType = sourcecode.c.objc; path = UseUIScrollViewTests.m; sourceTree = "<group>"; };
/* End PBXFileReference section */

/* Begin PBXFrameworksBuildPhase section */
		80C6A12C19117EC2003C5DB2 /* Frameworks */ = {
			isa = PBXFrameworksBuildPhase;
			buildActionMask = 2147483647;
			files = (
				80C6A13519117EC2003C5DB2 /* CoreGraphics.framework in Frameworks */,
				80C6A13719117EC2003C5DB2 /* UIKit.framework in Frameworks */,
				80C6A13319117EC2003C5DB2 /* Foundation.framework in Frameworks */,
			);
			runOnlyForDeploymentPostprocessing = 0;
		};
		80C6A15019117EC2003C5DB2 /* Frameworks */ = {
			isa = PBXFrameworksBuildPhase;
			buildActionMask = 2147483647;
			files = (
				80C6A15519117EC2003C5DB2 /* XCTest.framework in Frameworks */,
				80C6A15719117EC2003C5DB2 /* UIKit.framework in Frameworks */,
				80C6A15619117EC2003C5DB2 /* Foundation.framework in Frameworks */,
			);
			runOnlyForDeploymentPostprocessing = 0;
		};
/* End PBXFrameworksBuildPhase section */

/* Begin PBXGroup section */
		80C6A12619117EC2003C5DB2 = {
			isa = PBXGroup;
			children = (
				80C6A13819117EC2003C5DB2 /* UseUIScrollView */,
				80C6A15A19117EC2003C5DB2 /* UseUIScrollViewTests */,
				80C6A13119117EC2003C5DB2 /* Frameworks */,
				80C6A13019117EC2003C5DB2 /* Products */,
			);
			sourceTree = "<group>";
		};
		80C6A13019117EC2003C5DB2 /* Products */ = {
			isa = PBXGroup;
			children = (
				80C6A12F19117EC2003C5DB2 /* UseUIScrollView.app */,
				80C6A15319117EC2003C5DB2 /* UseUIScrollViewTests.xctest */,
			);
			name = Products;
			sourceTree = "<group>";
		};
		80C6A13119117EC2003C5DB2 /* Frameworks */ = {
			isa = PBXGroup;
			children = (
				80C6A13219117EC2003C5DB2 /* Foundation.framework */,
				80C6A13419117EC2003C5DB2 /* CoreGraphics.framework */,
				80C6A13619117EC2003C5DB2 /* UIKit.framework */,
				80C6A15419117EC2003C5DB2 /* XCTest.framework */,
			);
			name = Frameworks;
			sourceTree = "<group>";
		};
		80C6A13819117EC2003C5DB2 /* UseUIScrollView */ = {
			isa = PBXGroup;
			children = (
				80C6A14119117EC2003C5DB2 /* RLAppDelegate.h */,
				80C6A14219117EC2003C5DB2 /* RLAppDelegate.m */,
				80C6A14419117EC2003C5DB2 /* Main_iPhone.storyboard */,
				80C6A14719117EC2003C5DB2 /* Main_iPad.storyboard */,
				80C6A14A19117EC2003C5DB2 /* RLViewController.h */,
				80C6A14B19117EC2003C5DB2 /* RLViewController.m */,
				80C6A14D19117EC2003C5DB2 /* Images.xcassets */,
				80C6A13919117EC2003C5DB2 /* Supporting Files */,
			);
			path = UseUIScrollView;
			sourceTree = "<group>";
		};
		80C6A13919117EC2003C5DB2 /* Supporting Files */ = {
			isa = PBXGroup;
			children = (
				80C6A13A19117EC2003C5DB2 /* UseUIScrollView-Info.plist */,
				80C6A13B19117EC2003C5DB2 /* InfoPlist.strings */,
				80C6A13E19117EC2003C5DB2 /* main.m */,
				80C6A14019117EC2003C5DB2 /* UseUIScrollView-Prefix.pch */,
			);
			name = "Supporting Files";
			sourceTree = "<group>";
		};
		80C6A15A19117EC2003C5DB2 /* UseUIScrollViewTests */ = {
			isa = PBXGroup;
			children = (
				80C6A16019117EC2003C5DB2 /* UseUIScrollViewTests.m */,
				80C6A15B19117EC2003C5DB2 /* Supporting Files */,
			);
			path = UseUIScrollViewTests;
			sourceTree = "<group>";
		};
		80C6A15B19117EC2003C5DB2 /* Supporting Files */ = {
			isa = PBXGroup;
			children = (
				80C6A15C19117EC2003C5DB2 /* UseUIScrollViewTests-Info.plist */,
				80C6A15D19117EC2003C5DB2 /* InfoPlist.strings */,
			);
			name = "Supporting Files";
			sourceTree = "<group>";
		};
/* End PBXGroup section */

/* Begin PBXNativeTarget section */
		80C6A12E19117EC2003C5DB2 /* UseUIScrollView */ = {
			isa = PBXNativeTarget;
			buildConfigurationList = 80C6A16419117EC2003C5DB2 /* Build configuration list for PBXNativeTarget "UseUIScrollView" */;
			buildPhases = (
				80C6A12B19117EC2003C5DB2 /* Sources */,
				80C6A12C19117EC2003C5DB2 /* Frameworks */,
				80C6A12D19117EC2003C5DB2 /* Resources */,
			);
			buildRules = (
			);
			dependencies = (
			);
			name = UseUIScrollView;
			productName = UseUIScrollView;
			productReference = 80C6A12F19117EC2003C5DB2 /* UseUIScrollView.app */;
			productType = "com.apple.product-type.application";
		};
		80C6A15219117EC2003C5DB2 /* UseUIScrollViewTests */ = {
			isa = PBXNativeTarget;
			buildConfigurationList = 80C6A16719117EC2003C5DB2 /* Build configuration list for PBXNativeTarget "UseUIScrollViewTests" */;
			buildPhases = (
				80C6A14F19117EC2003C5DB2 /* Sources */,
				80C6A15019117EC2003C5DB2 /* Frameworks */,
				80C6A15119117EC2003C5DB2 /* Resources */,
			);
			buildRules = (
			);
			dependencies = (
				80C6A15919117EC2003C5DB2 /* PBXTargetDependency */,
			);
			name = UseUIScrollViewTests;
			productName = UseUIScrollViewTests;
			productReference = 80C6A15319117EC2003C5DB2 /* UseUIScrollViewTests.xctest */;
			productType = "com.apple.product-type.bundle.unit-test";
		};
/* End PBXNativeTarget section */

/* Begin PBXProject section */
		80C6A12719117EC2003C5DB2 /* Project object */ = {
			isa = PBXProject;
			attributes = {
				CLASSPREFIX = RL;
				LastUpgradeCheck = 0510;
				ORGANIZATIONNAME = "Rinc Liu";
				TargetAttributes = {
					80C6A15219117EC2003C5DB2 = {
						TestTargetID = 80C6A12E19117EC2003C5DB2;
					};
				};
			};
			buildConfigurationList = 80C6A12A19117EC2003C5DB2 /* Build configuration list for PBXProject "UseUIScrollView" */;
			compatibilityVersion = "Xcode 3.2";
			developmentRegion = English;
			hasScannedForEncodings = 0;
			knownRegions = (
				en,
				Base,
			);
			mainGroup = 80C6A12619117EC2003C5DB2;
			productRefGroup = 80C6A13019117EC2003C5DB2 /* Products */;
			projectDirPath = "";
			projectRoot = "";
			targets = (
				80C6A12E19117EC2003C5DB2 /* UseUIScrollView */,
				80C6A15219117EC2003C5DB2 /* UseUIScrollViewTests */,
			);
		};
/* End PBXProject section */

/* Begin PBXResourcesBuildPhase section */
		80C6A12D19117EC2003C5DB2 /* Resources */ = {
			isa = PBXResourcesBuildPhase;
			buildActionMask = 2147483647;
			files = (
				80C6A14919117EC2003C5DB2 /* Main_iPad.storyboard in Resources */,
				80C6A14E19117EC2003C5DB2 /* Images.xcassets in Resources */,
				80C6A14619117EC2003C5DB2 /* Main_iPhone.storyboard in Resources */,
				80C6A13D19117EC2003C5DB2 /* InfoPlist.strings in Resources */,
			);
			runOnlyForDeploymentPostprocessing = 0;
		};
		80C6A15119117EC2003C5DB2 /* Resources */ = {
			isa = PBXResourcesBuildPhase;
			buildActionMask = 2147483647;
			files = (
				80C6A15F19117EC2003C5DB2 /* InfoPlist.strings in Resources */,
			);
			runOnlyForDeploymentPostprocessing = 0;
		};
/* End PBXResourcesBuildPhase section */

/* Begin PBXSourcesBuildPhase section */
		80C6A12B19117EC2003C5DB2 /* Sources */ = {
			isa = PBXSourcesBuildPhase;
			buildActionMask = 2147483647;
			files = (
				80C6A14319117EC2003C5DB2 /* RLAppDelegate.m in Sources */,
				80C6A13F19117EC2003C5DB2 /* main.m in Sources */,
				80C6A14C19117EC2003C5DB2 /* RLViewController.m in Sources */,
			);
			runOnlyForDeploymentPostprocessing = 0;
		};
		80C6A14F19117EC2003C5DB2 /* Sources */ = {
			isa = PBXSourcesBuildPhase;
			buildActionMask = 2147483647;
			files = (
				80C6A16119117EC2003C5DB2 /* UseUIScrollViewTests.m in Sources */,
			);
			runOnlyForDeploymentPostprocessing = 0;
		};
/* End PBXSourcesBuildPhase section */

/* Begin PBXTargetDependency section */
		80C6A15919117EC2003C5DB2 /* PBXTargetDependency */ = {
			isa = PBXTargetDependency;
			target = 80C6A12E19117EC2003C5DB2 /* UseUIScrollView */;
			targetProxy = 80C6A15819117EC2003C5DB2 /* PBXContainerItemProxy */;
		};
/* End PBXTargetDependency section */

/* Begin PBXVariantGroup section */
		80C6A13B19117EC2003C5DB2 /* InfoPlist.strings */ = {
			isa = PBXVariantGroup;
			children = (
				80C6A13C19117EC2003C5DB2 /* en */,
			);
			name = InfoPlist.strings;
			sourceTree = "<group>";
		};
		80C6A14419117EC2003C5DB2 /* Main_iPhone.storyboard */ = {
			isa = PBXVariantGroup;
			children = (
				80C6A14519117EC2003C5DB2 /* Base */,
			);
			name = Main_iPhone.storyboard;
			sourceTree = "<group>";
		};
		80C6A14719117EC2003C5DB2 /* Main_iPad.storyboard */ = {
			isa = PBXVariantGroup;
			children = (
				80C6A14819117EC2003C5DB2 /* Base */,
			);
			name = Main_iPad.storyboard;
			sourceTree = "<group>";
		};
		80C6A15D19117EC2003C5DB2 /* InfoPlist.strings */ = {
			isa = PBXVariantGroup;
			children = (
				80C6A15E19117EC2003C5DB2 /* en */,
			);
			name = InfoPlist.strings;
			sourceTree = "<group>";
		};
/* End PBXVariantGroup section */

/* Begin XCBuildConfiguration section */
		80C6A16219117EC2003C5DB2 /* Debug */ = {
			isa = XCBuildConfiguration;
			buildSettings = {
				ALWAYS_SEARCH_USER_PATHS = NO;
				CLANG_CXX_LANGUAGE_STANDARD = "gnu++0x";
				CLANG_CXX_LIBRARY = "libc++";
				CLANG_ENABLE_MODULES = YES;
				CLANG_ENABLE_OBJC_ARC = YES;
				CLANG_WARN_BOOL_CONVERSION = YES;
				CLANG_WARN_CONSTANT_CONVERSION = YES;
				CLANG_WARN_DIRECT_OBJC_ISA_USAGE = YES_ERROR;
				CLANG_WARN_EMPTY_BODY = YES;
				CLANG_WARN_ENUM_CONVERSION = YES;
				CLANG_WARN_INT_CONVERSION = YES;
				CLANG_WARN_OBJC_ROOT_CLASS = YES_ERROR;
				CLANG_WARN__DUPLICATE_METHOD_MATCH = YES;
				"CODE_SIGN_IDENTITY[sdk=iphoneos*]" = "iPhone Developer";
				COPY_PHASE_STRIP = NO;
				GCC_C_LANGUAGE_STANDARD = gnu99;
				GCC_DYNAMIC_NO_PIC = NO;
				GCC_OPTIMIZATION_LEVEL = 0;
				GCC_PREPROCESSOR_DEFINITIONS = (
					"DEBUG=1",
					"$(inherited)",
				);
				GCC_SYMBOLS_PRIVATE_EXTERN = NO;
				GCC_WARN_64_TO_32_BIT_CONVERSION = YES;
				GCC_WARN_ABOUT_RETURN_TYPE = YES_ERROR;
				GCC_WARN_UNDECLARED_SELECTOR = YES;
				GCC_WARN_UNINITIALIZED_AUTOS = YES_AGGRESSIVE;
				GCC_WARN_UNUSED_FUNCTION = YES;
				GCC_WARN_UNUSED_VARIABLE = YES;
				IPHONEOS_DEPLOYMENT_TARGET = 7.1;
				ONLY_ACTIVE_ARCH = YES;
				SDKROOT = iphoneos;
				TARGETED_DEVICE_FAMILY = "1,2";
			};
			name = Debug;
		};
		80C6A16319117EC2003C5DB2 /* Release */ = {
			isa = XCBuildConfiguration;
			buildSettings = {
				ALWAYS_SEARCH_USER_PATHS = NO;
				CLANG_CXX_LANGUAGE_STANDARD = "gnu++0x";
				CLANG_CXX_LIBRARY = "libc++";
				CLANG_ENABLE_MODULES = YES;
				CLANG_ENABLE_OBJC_ARC = YES;
				CLANG_WARN_BOOL_CONVERSION = YES;
				CLANG_WARN_CONSTANT_CONVERSION = YES;
				CLANG_WARN_DIRECT_OBJC_ISA_USAGE = YES_ERROR;
				CLANG_WARN_EMPTY_BODY = YES;
				CLANG_WARN_ENUM_CONVERSION = YES;
				CLANG_WARN_INT_CONVERSION = YES;
				CLANG_WARN_OBJC_ROOT_CLASS = YES_ERROR;
				CLANG_WARN__DUPLICATE_METHOD_MATCH = YES;
				"CODE_SIGN_IDENTITY[sdk=iphoneos*]" = "iPhone Developer";
				COPY_PHASE_STRIP = YES;
				ENABLE_NS_ASSERTIONS = NO;
				GCC_C_LANGUAGE_STANDARD = gnu99;
				GCC_WARN_64_TO_32_BIT_CONVERSION = YES;
				GCC_WARN_ABOUT_RETURN_TYPE = YES_ERROR;
				GCC_WARN_UNDECLARED_SELECTOR = YES;
				GCC_WARN_UNINITIALIZED_AUTOS = YES_AGGRESSIVE;
				GCC_WARN_UNUSED_FUNCTION = YES;
				GCC_WARN_UNUSED_VARIABLE = YES;
				IPHONEOS_DEPLOYMENT_TARGET = 7.1;
				SDKROOT = iphoneos;
				TARGETED_DEVICE_FAMILY = "1,2";
				VALIDATE_PRODUCT = YES;
			};
			name = Release;
		};
		80C6A16519117EC2003C5DB2 /* Debug */ = {
			isa = XCBuildConfiguration;
			buildSettings = {
				ASSETCATALOG_COMPILER_APPICON_NAME = AppIcon;
				ASSETCATALOG_COMPILER_LAUNCHIMAGE_NAME = LaunchImage;
				GCC_PRECOMPILE_PREFIX_HEADER = YES;
				GCC_PREFIX_HEADER = "UseUIScrollView/UseUIScrollView-Prefix.pch";
				INFOPLIST_FILE = "UseUIScrollView/UseUIScrollView-Info.plist";
				PRODUCT_NAME = "$(TARGET_NAME)";
				WRAPPER_EXTENSION = app;
			};
			name = Debug;
		};
		80C6A16619117EC2003C5DB2 /* Release */ = {
			isa = XCBuildConfiguration;
			buildSettings = {
				ASSETCATALOG_COMPILER_APPICON_NAME = AppIcon;
				ASSETCATALOG_COMPILER_LAUNCHIMAGE_NAME = LaunchImage;
				GCC_PRECOMPILE_PREFIX_HEADER = YES;
				GCC_PREFIX_HEADER = "UseUIScrollView/UseUIScrollView-Prefix.pch";
				INFOPLIST_FILE = "UseUIScrollView/UseUIScrollView-Info.plist";
				PRODUCT_NAME = "$(TARGET_NAME)";
				WRAPPER_EXTENSION = app;
			};
			name = Release;
		};
		80C6A16819117EC2003C5DB2 /* Debug */ = {
			isa = XCBuildConfiguration;
			buildSettings = {
				BUNDLE_LOADER = "$(BUILT_PRODUCTS_DIR)/UseUIScrollView.app/UseUIScrollView";
				FRAMEWORK_SEARCH_PATHS = (
					"$(SDKROOT)/Developer/Library/Frameworks",
					"$(inherited)",
					"$(DEVELOPER_FRAMEWORKS_DIR)",
				);
				GCC_PRECOMPILE_PREFIX_HEADER = YES;
				GCC_PREFIX_HEADER = "UseUIScrollView/UseUIScrollView-Prefix.pch";
				GCC_PREPROCESSOR_DEFINITIONS = (
					"DEBUG=1",
					"$(inherited)",
				);
				INFOPLIST_FILE = "UseUIScrollViewTests/UseUIScrollViewTests-Info.plist";
				PRODUCT_NAME = "$(TARGET_NAME)";
				TEST_HOST = "$(BUNDLE_LOADER)";
				WRAPPER_EXTENSION = xctest;
			};
			name = Debug;
		};
		80C6A16919117EC2003C5DB2 /* Release */ = {
			isa = XCBuildConfiguration;
			buildSettings = {
				BUNDLE_LOADER = "$(BUILT_PRODUCTS_DIR)/UseUIScrollView.app/UseUIScrollView";
				FRAMEWORK_SEARCH_PATHS = (
					"$(SDKROOT)/Developer/Library/Frameworks",
					"$(inherited)",
					"$(DEVELOPER_FRAMEWORKS_DIR)",
				);
				GCC_PRECOMPILE_PREFIX_HEADER = YES;
				GCC_PREFIX_HEADER = "UseUIScrollView/UseUIScrollView-Prefix.pch";
				INFOPLIST_FILE = "UseUIScrollViewTests/UseUIScrollViewTests-Info.plist";
				PRODUCT_NAME = "$(TARGET_NAME)";
				TEST_HOST = "$(BUNDLE_LOADER)";
				WRAPPER_EXTENSION = xctest;
			};
			name = Release;
		};
/* End XCBuildConfiguration section */

/* Begin XCConfigurationList section */
		80C6A12A19117EC2003C5DB2 /* Build configuration list for PBXProject "UseUIScrollView" */ = {
			isa = XCConfigurationList;
			buildConfigurations = (
				80C6A16219117EC2003C5DB2 /* Debug */,
				80C6A16319117EC2003C5DB2 /* Release */,
			);
			defaultConfigurationIsVisible = 0;
			defaultConfigurationName = Release;
		};
		80C6A16419117EC2003C5DB2 /* Build configuration list for PBXNativeTarget "UseUIScrollView" */ = {
			isa = XCConfigurationList;
			buildConfigurations = (
				80C6A16519117EC2003C5DB2 /* Debug */,
				80C6A16619117EC2003C5DB2 /* Release */,
			);
			defaultConfigurationIsVisible = 0;
		};
		80C6A16719117EC2003C5DB2 /* Build configuration list for PBXNativeTarget "UseUIScrollViewTests" */ = {
			isa = XCConfigurationList;
			buildConfigurations = (
				80C6A16819117EC2003C5DB2 /* Debug */,
				80C6A16919117EC2003C5DB2 /* Release */,
			);
			defaultConfigurationIsVisible = 0;
		};
/* End XCConfigurationList section */
	};
	rootObject = 80C6A12719117EC2003C5DB2 /* Project object */;
}
