// !$*UTF8*$!
{
	archiveVersion = 1;
	classes = {
	};
	objectVersion = 46;
	objects = {

/* Begin PBXBuildFile section */
		80F57653191A74A90098F373 /* Foundation.framework in Frameworks */ = {isa = PBXBuildFile; fileRef = 80F57652191A74A90098F373 /* Foundation.framework */; };
		80F57655191A74A90098F373 /* CoreGraphics.framework in Frameworks */ = {isa = PBXBuildFile; fileRef = 80F57654191A74A90098F373 /* CoreGraphics.framework */; };
		80F57657191A74A90098F373 /* UIKit.framework in Frameworks */ = {isa = PBXBuildFile; fileRef = 80F57656191A74A90098F373 /* UIKit.framework */; };
		80F5765D191A74A90098F373 /* InfoPlist.strings in Resources */ = {isa = PBXBuildFile; fileRef = 80F5765B191A74A90098F373 /* InfoPlist.strings */; };
		80F5765F191A74A90098F373 /* main.m in Sources */ = {isa = PBXBuildFile; fileRef = 80F5765E191A74A90098F373 /* main.m */; };
		80F57663191A74A90098F373 /* RLAppDelegate.m in Sources */ = {isa = PBXBuildFile; fileRef = 80F57662191A74A90098F373 /* RLAppDelegate.m */; };
		80F57666191A74A90098F373 /* Main_iPhone.storyboard in Resources */ = {isa = PBXBuildFile; fileRef = 80F57664191A74A90098F373 /* Main_iPhone.storyboard */; };
		80F57669191A74A90098F373 /* Main_iPad.storyboard in Resources */ = {isa = PBXBuildFile; fileRef = 80F57667191A74A90098F373 /* Main_iPad.storyboard */; };
		80F5766C191A74A90098F373 /* RLViewController.m in Sources */ = {isa = PBXBuildFile; fileRef = 80F5766B191A74A90098F373 /* RLViewController.m */; };
		80F5766E191A74A90098F373 /* Images.xcassets in Resources */ = {isa = PBXBuildFile; fileRef = 80F5766D191A74A90098F373 /* Images.xcassets */; };
		80F57675191A74A90098F373 /* XCTest.framework in Frameworks */ = {isa = PBXBuildFile; fileRef = 80F57674191A74A90098F373 /* XCTest.framework */; };
		80F57676191A74A90098F373 /* Foundation.framework in Frameworks */ = {isa = PBXBuildFile; fileRef = 80F57652191A74A90098F373 /* Foundation.framework */; };
		80F57677191A74A90098F373 /* UIKit.framework in Frameworks */ = {isa = PBXBuildFile; fileRef = 80F57656191A74A90098F373 /* UIKit.framework */; };
		80F5767F191A74A90098F373 /* InfoPlist.strings in Resources */ = {isa = PBXBuildFile; fileRef = 80F5767D191A74A90098F373 /* InfoPlist.strings */; };
		80F57681191A74A90098F373 /* DeviceFeatureTests.m in Sources */ = {isa = PBXBuildFile; fileRef = 80F57680191A74A90098F373 /* DeviceFeatureTests.m */; };
/* End PBXBuildFile section */

/* Begin PBXContainerItemProxy section */
		80F57678191A74A90098F373 /* PBXContainerItemProxy */ = {
			isa = PBXContainerItemProxy;
			containerPortal = 80F57647191A74A90098F373 /* Project object */;
			proxyType = 1;
			remoteGlobalIDString = 80F5764E191A74A90098F373;
			remoteInfo = DeviceFeature;
		};
/* End PBXContainerItemProxy section */

/* Begin PBXFileReference section */
		80F5764F191A74A90098F373 /* DeviceFeature.app */ = {isa = PBXFileReference; explicitFileType = wrapper.application; includeInIndex = 0; path = DeviceFeature.app; sourceTree = BUILT_PRODUCTS_DIR; };
		80F57652191A74A90098F373 /* Foundation.framework */ = {isa = PBXFileReference; lastKnownFileType = wrapper.framework; name = Foundation.framework; path = System/Library/Frameworks/Foundation.framework; sourceTree = SDKROOT; };
		80F57654191A74A90098F373 /* CoreGraphics.framework */ = {isa = PBXFileReference; lastKnownFileType = wrapper.framework; name = CoreGraphics.framework; path = System/Library/Frameworks/CoreGraphics.framework; sourceTree = SDKROOT; };
		80F57656191A74A90098F373 /* UIKit.framework */ = {isa = PBXFileReference; lastKnownFileType = wrapper.framework; name = UIKit.framework; path = System/Library/Frameworks/UIKit.framework; sourceTree = SDKROOT; };
		80F5765A191A74A90098F373 /* DeviceFeature-Info.plist */ = {isa = PBXFileReference; lastKnownFileType = text.plist.xml; path = "DeviceFeature-Info.plist"; sourceTree = "<group>"; };
		80F5765C191A74A90098F373 /* en */ = {isa = PBXFileReference; lastKnownFileType = text.plist.strings; name = en; path = en.lproj/InfoPlist.strings; sourceTree = "<group>"; };
		80F5765E191A74A90098F373 /* main.m */ = {isa = PBXFileReference; lastKnownFileType = sourcecode.c.objc; path = main.m; sourceTree = "<group>"; };
		80F57660191A74A90098F373 /* DeviceFeature-Prefix.pch */ = {isa = PBXFileReference; lastKnownFileType = sourcecode.c.h; path = "DeviceFeature-Prefix.pch"; sourceTree = "<group>"; };
		80F57661191A74A90098F373 /* RLAppDelegate.h */ = {isa = PBXFileReference; lastKnownFileType = sourcecode.c.h; path = RLAppDelegate.h; sourceTree = "<group>"; };
		80F57662191A74A90098F373 /* RLAppDelegate.m */ = {isa = PBXFileReference; lastKnownFileType = sourcecode.c.objc; path = RLAppDelegate.m; sourceTree = "<group>"; };
		80F57665191A74A90098F373 /* Base */ = {isa = PBXFileReference; lastKnownFileType = file.storyboard; name = Base; path = Base.lproj/Main_iPhone.storyboard; sourceTree = "<group>"; };
		80F57668191A74A90098F373 /* Base */ = {isa = PBXFileReference; lastKnownFileType = file.storyboard; name = Base; path = Base.lproj/Main_iPad.storyboard; sourceTree = "<group>"; };
		80F5766A191A74A90098F373 /* RLViewController.h */ = {isa = PBXFileReference; lastKnownFileType = sourcecode.c.h; path = RLViewController.h; sourceTree = "<group>"; };
		80F5766B191A74A90098F373 /* RLViewController.m */ = {isa = PBXFileReference; lastKnownFileType = sourcecode.c.objc; path = RLViewController.m; sourceTree = "<group>"; };
		80F5766D191A74A90098F373 /* Images.xcassets */ = {isa = PBXFileReference; lastKnownFileType = folder.assetcatalog; path = Images.xcassets; sourceTree = "<group>"; };
		80F57673191A74A90098F373 /* DeviceFeatureTests.xctest */ = {isa = PBXFileReference; explicitFileType = wrapper.cfbundle; includeInIndex = 0; path = DeviceFeatureTests.xctest; sourceTree = BUILT_PRODUCTS_DIR; };
		80F57674191A74A90098F373 /* XCTest.framework */ = {isa = PBXFileReference; lastKnownFileType = wrapper.framework; name = XCTest.framework; path = Library/Frameworks/XCTest.framework; sourceTree = DEVELOPER_DIR; };
		80F5767C191A74A90098F373 /* DeviceFeatureTests-Info.plist */ = {isa = PBXFileReference; lastKnownFileType = text.plist.xml; path = "DeviceFeatureTests-Info.plist"; sourceTree = "<group>"; };
		80F5767E191A74A90098F373 /* en */ = {isa = PBXFileReference; lastKnownFileType = text.plist.strings; name = en; path = en.lproj/InfoPlist.strings; sourceTree = "<group>"; };
		80F57680191A74A90098F373 /* DeviceFeatureTests.m */ = {isa = PBXFileReference; lastKnownFileType = sourcecode.c.objc; path = DeviceFeatureTests.m; sourceTree = "<group>"; };
/* End PBXFileReference section */

/* Begin PBXFrameworksBuildPhase section */
		80F5764C191A74A90098F373 /* Frameworks */ = {
			isa = PBXFrameworksBuildPhase;
			buildActionMask = 2147483647;
			files = (
				80F57655191A74A90098F373 /* CoreGraphics.framework in Frameworks */,
				80F57657191A74A90098F373 /* UIKit.framework in Frameworks */,
				80F57653191A74A90098F373 /* Foundation.framework in Frameworks */,
			);
			runOnlyForDeploymentPostprocessing = 0;
		};
		80F57670191A74A90098F373 /* Frameworks */ = {
			isa = PBXFrameworksBuildPhase;
			buildActionMask = 2147483647;
			files = (
				80F57675191A74A90098F373 /* XCTest.framework in Frameworks */,
				80F57677191A74A90098F373 /* UIKit.framework in Frameworks */,
				80F57676191A74A90098F373 /* Foundation.framework in Frameworks */,
			);
			runOnlyForDeploymentPostprocessing = 0;
		};
/* End PBXFrameworksBuildPhase section */

/* Begin PBXGroup section */
		80F57646191A74A90098F373 = {
			isa = PBXGroup;
			children = (
				80F57658191A74A90098F373 /* DeviceFeature */,
				80F5767A191A74A90098F373 /* DeviceFeatureTests */,
				80F57651191A74A90098F373 /* Frameworks */,
				80F57650191A74A90098F373 /* Products */,
			);
			sourceTree = "<group>";
		};
		80F57650191A74A90098F373 /* Products */ = {
			isa = PBXGroup;
			children = (
				80F5764F191A74A90098F373 /* DeviceFeature.app */,
				80F57673191A74A90098F373 /* DeviceFeatureTests.xctest */,
			);
			name = Products;
			sourceTree = "<group>";
		};
		80F57651191A74A90098F373 /* Frameworks */ = {
			isa = PBXGroup;
			children = (
				80F57652191A74A90098F373 /* Foundation.framework */,
				80F57654191A74A90098F373 /* CoreGraphics.framework */,
				80F57656191A74A90098F373 /* UIKit.framework */,
				80F57674191A74A90098F373 /* XCTest.framework */,
			);
			name = Frameworks;
			sourceTree = "<group>";
		};
		80F57658191A74A90098F373 /* DeviceFeature */ = {
			isa = PBXGroup;
			children = (
				80F57661191A74A90098F373 /* RLAppDelegate.h */,
				80F57662191A74A90098F373 /* RLAppDelegate.m */,
				80F57664191A74A90098F373 /* Main_iPhone.storyboard */,
				80F57667191A74A90098F373 /* Main_iPad.storyboard */,
				80F5766A191A74A90098F373 /* RLViewController.h */,
				80F5766B191A74A90098F373 /* RLViewController.m */,
				80F5766D191A74A90098F373 /* Images.xcassets */,
				80F57659191A74A90098F373 /* Supporting Files */,
			);
			path = DeviceFeature;
			sourceTree = "<group>";
		};
		80F57659191A74A90098F373 /* Supporting Files */ = {
			isa = PBXGroup;
			children = (
				80F5765A191A74A90098F373 /* DeviceFeature-Info.plist */,
				80F5765B191A74A90098F373 /* InfoPlist.strings */,
				80F5765E191A74A90098F373 /* main.m */,
				80F57660191A74A90098F373 /* DeviceFeature-Prefix.pch */,
			);
			name = "Supporting Files";
			sourceTree = "<group>";
		};
		80F5767A191A74A90098F373 /* DeviceFeatureTests */ = {
			isa = PBXGroup;
			children = (
				80F57680191A74A90098F373 /* DeviceFeatureTests.m */,
				80F5767B191A74A90098F373 /* Supporting Files */,
			);
			path = DeviceFeatureTests;
			sourceTree = "<group>";
		};
		80F5767B191A74A90098F373 /* Supporting Files */ = {
			isa = PBXGroup;
			children = (
				80F5767C191A74A90098F373 /* DeviceFeatureTests-Info.plist */,
				80F5767D191A74A90098F373 /* InfoPlist.strings */,
			);
			name = "Supporting Files";
			sourceTree = "<group>";
		};
/* End PBXGroup section */

/* Begin PBXNativeTarget section */
		80F5764E191A74A90098F373 /* DeviceFeature */ = {
			isa = PBXNativeTarget;
			buildConfigurationList = 80F57684191A74A90098F373 /* Build configuration list for PBXNativeTarget "DeviceFeature" */;
			buildPhases = (
				80F5764B191A74A90098F373 /* Sources */,
				80F5764C191A74A90098F373 /* Frameworks */,
				80F5764D191A74A90098F373 /* Resources */,
			);
			buildRules = (
			);
			dependencies = (
			);
			name = DeviceFeature;
			productName = DeviceFeature;
			productReference = 80F5764F191A74A90098F373 /* DeviceFeature.app */;
			productType = "com.apple.product-type.application";
		};
		80F57672191A74A90098F373 /* DeviceFeatureTests */ = {
			isa = PBXNativeTarget;
			buildConfigurationList = 80F57687191A74A90098F373 /* Build configuration list for PBXNativeTarget "DeviceFeatureTests" */;
			buildPhases = (
				80F5766F191A74A90098F373 /* Sources */,
				80F57670191A74A90098F373 /* Frameworks */,
				80F57671191A74A90098F373 /* Resources */,
			);
			buildRules = (
			);
			dependencies = (
				80F57679191A74A90098F373 /* PBXTargetDependency */,
			);
			name = DeviceFeatureTests;
			productName = DeviceFeatureTests;
			productReference = 80F57673191A74A90098F373 /* DeviceFeatureTests.xctest */;
			productType = "com.apple.product-type.bundle.unit-test";
		};
/* End PBXNativeTarget section */

/* Begin PBXProject section */
		80F57647191A74A90098F373 /* Project object */ = {
			isa = PBXProject;
			attributes = {
				CLASSPREFIX = RL;
				LastUpgradeCheck = 0510;
				ORGANIZATIONNAME = "Rinc Liu";
				TargetAttributes = {
					80F57672191A74A90098F373 = {
						TestTargetID = 80F5764E191A74A90098F373;
					};
				};
			};
			buildConfigurationList = 80F5764A191A74A90098F373 /* Build configuration list for PBXProject "DeviceFeature" */;
			compatibilityVersion = "Xcode 3.2";
			developmentRegion = English;
			hasScannedForEncodings = 0;
			knownRegions = (
				en,
				Base,
			);
			mainGroup = 80F57646191A74A90098F373;
			productRefGroup = 80F57650191A74A90098F373 /* Products */;
			projectDirPath = "";
			projectRoot = "";
			targets = (
				80F5764E191A74A90098F373 /* DeviceFeature */,
				80F57672191A74A90098F373 /* DeviceFeatureTests */,
			);
		};
/* End PBXProject section */

/* Begin PBXResourcesBuildPhase section */
		80F5764D191A74A90098F373 /* Resources */ = {
			isa = PBXResourcesBuildPhase;
			buildActionMask = 2147483647;
			files = (
				80F57669191A74A90098F373 /* Main_iPad.storyboard in Resources */,
				80F5766E191A74A90098F373 /* Images.xcassets in Resources */,
				80F57666191A74A90098F373 /* Main_iPhone.storyboard in Resources */,
				80F5765D191A74A90098F373 /* InfoPlist.strings in Resources */,
			);
			runOnlyForDeploymentPostprocessing = 0;
		};
		80F57671191A74A90098F373 /* Resources */ = {
			isa = PBXResourcesBuildPhase;
			buildActionMask = 2147483647;
			files = (
				80F5767F191A74A90098F373 /* InfoPlist.strings in Resources */,
			);
			runOnlyForDeploymentPostprocessing = 0;
		};
/* End PBXResourcesBuildPhase section */

/* Begin PBXSourcesBuildPhase section */
		80F5764B191A74A90098F373 /* Sources */ = {
			isa = PBXSourcesBuildPhase;
			buildActionMask = 2147483647;
			files = (
				80F57663191A74A90098F373 /* RLAppDelegate.m in Sources */,
				80F5765F191A74A90098F373 /* main.m in Sources */,
				80F5766C191A74A90098F373 /* RLViewController.m in Sources */,
			);
			runOnlyForDeploymentPostprocessing = 0;
		};
		80F5766F191A74A90098F373 /* Sources */ = {
			isa = PBXSourcesBuildPhase;
			buildActionMask = 2147483647;
			files = (
				80F57681191A74A90098F373 /* DeviceFeatureTests.m in Sources */,
			);
			runOnlyForDeploymentPostprocessing = 0;
		};
/* End PBXSourcesBuildPhase section */

/* Begin PBXTargetDependency section */
		80F57679191A74A90098F373 /* PBXTargetDependency */ = {
			isa = PBXTargetDependency;
			target = 80F5764E191A74A90098F373 /* DeviceFeature */;
			targetProxy = 80F57678191A74A90098F373 /* PBXContainerItemProxy */;
		};
/* End PBXTargetDependency section */

/* Begin PBXVariantGroup section */
		80F5765B191A74A90098F373 /* InfoPlist.strings */ = {
			isa = PBXVariantGroup;
			children = (
				80F5765C191A74A90098F373 /* en */,
			);
			name = InfoPlist.strings;
			sourceTree = "<group>";
		};
		80F57664191A74A90098F373 /* Main_iPhone.storyboard */ = {
			isa = PBXVariantGroup;
			children = (
				80F57665191A74A90098F373 /* Base */,
			);
			name = Main_iPhone.storyboard;
			sourceTree = "<group>";
		};
		80F57667191A74A90098F373 /* Main_iPad.storyboard */ = {
			isa = PBXVariantGroup;
			children = (
				80F57668191A74A90098F373 /* Base */,
			);
			name = Main_iPad.storyboard;
			sourceTree = "<group>";
		};
		80F5767D191A74A90098F373 /* InfoPlist.strings */ = {
			isa = PBXVariantGroup;
			children = (
				80F5767E191A74A90098F373 /* en */,
			);
			name = InfoPlist.strings;
			sourceTree = "<group>";
		};
/* End PBXVariantGroup section */

/* Begin XCBuildConfiguration section */
		80F57682191A74A90098F373 /* Debug */ = {
			isa = XCBuildConfiguration;
			buildSettings = {
				ALWAYS_SEARCH_USER_PATHS = NO;
				CLANG_CXX_LANGUAGE_STANDARD = "gnu++0x";
				CLANG_CXX_LIBRARY = "libc++";
				CLANG_ENABLE_MODULES = YES;
				CLANG_ENABLE_OBJC_ARC = YES;
				CLANG_WARN_BOOL_CONVERSION = YES;
				CLANG_WARN_CONSTANT_CONVERSION = YES;
				CLANG_WARN_DIRECT_OBJC_ISA_USAGE = YES_ERROR;
				CLANG_WARN_EMPTY_BODY = YES;
				CLANG_WARN_ENUM_CONVERSION = YES;
				CLANG_WARN_INT_CONVERSION = YES;
				CLANG_WARN_OBJC_ROOT_CLASS = YES_ERROR;
				CLANG_WARN__DUPLICATE_METHOD_MATCH = YES;
				"CODE_SIGN_IDENTITY[sdk=iphoneos*]" = "iPhone Developer";
				COPY_PHASE_STRIP = NO;
				GCC_C_LANGUAGE_STANDARD = gnu99;
				GCC_DYNAMIC_NO_PIC = NO;
				GCC_OPTIMIZATION_LEVEL = 0;
				GCC_PREPROCESSOR_DEFINITIONS = (
					"DEBUG=1",
					"$(inherited)",
				);
				GCC_SYMBOLS_PRIVATE_EXTERN = NO;
				GCC_WARN_64_TO_32_BIT_CONVERSION = YES;
				GCC_WARN_ABOUT_RETURN_TYPE = YES_ERROR;
				GCC_WARN_UNDECLARED_SELECTOR = YES;
				GCC_WARN_UNINITIALIZED_AUTOS = YES_AGGRESSIVE;
				GCC_WARN_UNUSED_FUNCTION = YES;
				GCC_WARN_UNUSED_VARIABLE = YES;
				IPHONEOS_DEPLOYMENT_TARGET = 7.1;
				ONLY_ACTIVE_ARCH = YES;
				SDKROOT = iphoneos;
				TARGETED_DEVICE_FAMILY = "1,2";
			};
			name = Debug;
		};
		80F57683191A74A90098F373 /* Release */ = {
			isa = XCBuildConfiguration;
			buildSettings = {
				ALWAYS_SEARCH_USER_PATHS = NO;
				CLANG_CXX_LANGUAGE_STANDARD = "gnu++0x";
				CLANG_CXX_LIBRARY = "libc++";
				CLANG_ENABLE_MODULES = YES;
				CLANG_ENABLE_OBJC_ARC = YES;
				CLANG_WARN_BOOL_CONVERSION = YES;
				CLANG_WARN_CONSTANT_CONVERSION = YES;
				CLANG_WARN_DIRECT_OBJC_ISA_USAGE = YES_ERROR;
				CLANG_WARN_EMPTY_BODY = YES;
				CLANG_WARN_ENUM_CONVERSION = YES;
				CLANG_WARN_INT_CONVERSION = YES;
				CLANG_WARN_OBJC_ROOT_CLASS = YES_ERROR;
				CLANG_WARN__DUPLICATE_METHOD_MATCH = YES;
				"CODE_SIGN_IDENTITY[sdk=iphoneos*]" = "iPhone Developer";
				COPY_PHASE_STRIP = YES;
				ENABLE_NS_ASSERTIONS = NO;
				GCC_C_LANGUAGE_STANDARD = gnu99;
				GCC_WARN_64_TO_32_BIT_CONVERSION = YES;
				GCC_WARN_ABOUT_RETURN_TYPE = YES_ERROR;
				GCC_WARN_UNDECLARED_SELECTOR = YES;
				GCC_WARN_UNINITIALIZED_AUTOS = YES_AGGRESSIVE;
				GCC_WARN_UNUSED_FUNCTION = YES;
				GCC_WARN_UNUSED_VARIABLE = YES;
				IPHONEOS_DEPLOYMENT_TARGET = 7.1;
				SDKROOT = iphoneos;
				TARGETED_DEVICE_FAMILY = "1,2";
				VALIDATE_PRODUCT = YES;
			};
			name = Release;
		};
		80F57685191A74A90098F373 /* Debug */ = {
			isa = XCBuildConfiguration;
			buildSettings = {
				ASSETCATALOG_COMPILER_APPICON_NAME = AppIcon;
				ASSETCATALOG_COMPILER_LAUNCHIMAGE_NAME = LaunchImage;
				GCC_PRECOMPILE_PREFIX_HEADER = YES;
				GCC_PREFIX_HEADER = "DeviceFeature/DeviceFeature-Prefix.pch";
				INFOPLIST_FILE = "DeviceFeature/DeviceFeature-Info.plist";
				PRODUCT_NAME = "$(TARGET_NAME)";
				WRAPPER_EXTENSION = app;
			};
			name = Debug;
		};
		80F57686191A74A90098F373 /* Release */ = {
			isa = XCBuildConfiguration;
			buildSettings = {
				ASSETCATALOG_COMPILER_APPICON_NAME = AppIcon;
				ASSETCATALOG_COMPILER_LAUNCHIMAGE_NAME = LaunchImage;
				GCC_PRECOMPILE_PREFIX_HEADER = YES;
				GCC_PREFIX_HEADER = "DeviceFeature/DeviceFeature-Prefix.pch";
				INFOPLIST_FILE = "DeviceFeature/DeviceFeature-Info.plist";
				PRODUCT_NAME = "$(TARGET_NAME)";
				WRAPPER_EXTENSION = app;
			};
			name = Release;
		};
		80F57688191A74A90098F373 /* Debug */ = {
			isa = XCBuildConfiguration;
			buildSettings = {
				BUNDLE_LOADER = "$(BUILT_PRODUCTS_DIR)/DeviceFeature.app/DeviceFeature";
				FRAMEWORK_SEARCH_PATHS = (
					"$(SDKROOT)/Developer/Library/Frameworks",
					"$(inherited)",
					"$(DEVELOPER_FRAMEWORKS_DIR)",
				);
				GCC_PRECOMPILE_PREFIX_HEADER = YES;
				GCC_PREFIX_HEADER = "DeviceFeature/DeviceFeature-Prefix.pch";
				GCC_PREPROCESSOR_DEFINITIONS = (
					"DEBUG=1",
					"$(inherited)",
				);
				INFOPLIST_FILE = "DeviceFeatureTests/DeviceFeatureTests-Info.plist";
				PRODUCT_NAME = "$(TARGET_NAME)";
				TEST_HOST = "$(BUNDLE_LOADER)";
				WRAPPER_EXTENSION = xctest;
			};
			name = Debug;
		};
		80F57689191A74A90098F373 /* Release */ = {
			isa = XCBuildConfiguration;
			buildSettings = {
				BUNDLE_LOADER = "$(BUILT_PRODUCTS_DIR)/DeviceFeature.app/DeviceFeature";
				FRAMEWORK_SEARCH_PATHS = (
					"$(SDKROOT)/Developer/Library/Frameworks",
					"$(inherited)",
					"$(DEVELOPER_FRAMEWORKS_DIR)",
				);
				GCC_PRECOMPILE_PREFIX_HEADER = YES;
				GCC_PREFIX_HEADER = "DeviceFeature/DeviceFeature-Prefix.pch";
				INFOPLIST_FILE = "DeviceFeatureTests/DeviceFeatureTests-Info.plist";
				PRODUCT_NAME = "$(TARGET_NAME)";
				TEST_HOST = "$(BUNDLE_LOADER)";
				WRAPPER_EXTENSION = xctest;
			};
			name = Release;
		};
/* End XCBuildConfiguration section */

/* Begin XCConfigurationList section */
		80F5764A191A74A90098F373 /* Build configuration list for PBXProject "DeviceFeature" */ = {
			isa = XCConfigurationList;
			buildConfigurations = (
				80F57682191A74A90098F373 /* Debug */,
				80F57683191A74A90098F373 /* Release */,
			);
			defaultConfigurationIsVisible = 0;
			defaultConfigurationName = Release;
		};
		80F57684191A74A90098F373 /* Build configuration list for PBXNativeTarget "DeviceFeature" */ = {
			isa = XCConfigurationList;
			buildConfigurations = (
				80F57685191A74A90098F373 /* Debug */,
				80F57686191A74A90098F373 /* Release */,
			);
			defaultConfigurationIsVisible = 0;
		};
		80F57687191A74A90098F373 /* Build configuration list for PBXNativeTarget "DeviceFeatureTests" */ = {
			isa = XCConfigurationList;
			buildConfigurations = (
				80F57688191A74A90098F373 /* Debug */,
				80F57689191A74A90098F373 /* Release */,
			);
			defaultConfigurationIsVisible = 0;
		};
/* End XCConfigurationList section */
	};
	rootObject = 80F57647191A74A90098F373 /* Project object */;
}
